# This file is automatically @generated by Poetry 1.8.3 and should not be changed by hand.

[[package]]
name = "attrs"
version = "22.1.0"
description = "Classes Without Boilerplate"
optional = false
python-versions = ">=3.5"
files = [
    {file = "attrs-22.1.0-py2.py3-none-any.whl", hash = "sha256:86efa402f67bf2df34f51a335487cf46b1ec130d02b8d39fd248abfd30da551c"},
    {file = "attrs-22.1.0.tar.gz", hash = "sha256:29adc2665447e5191d0e7c568fde78b21f9672d344281d0c6e1ab085429b22b6"},
]

[package.extras]
dev = ["cloudpickle", "coverage[toml] (>=5.0.2)", "furo", "hypothesis", "mypy (>=0.900,!=0.940)", "pre-commit", "pympler", "pytest (>=4.3.0)", "pytest-mypy-plugins", "sphinx", "sphinx-notfound-page", "zope.interface"]
docs = ["furo", "sphinx", "sphinx-notfound-page", "zope.interface"]
tests = ["cloudpickle", "coverage[toml] (>=5.0.2)", "hypothesis", "mypy (>=0.900,!=0.940)", "pympler", "pytest (>=4.3.0)", "pytest-mypy-plugins", "zope.interface"]
tests-no-zope = ["cloudpickle", "coverage[toml] (>=5.0.2)", "hypothesis", "mypy (>=0.900,!=0.940)", "pympler", "pytest (>=4.3.0)", "pytest-mypy-plugins"]

[[package]]
name = "cattrs"
version = "23.1.2"
description = "Composable complex class support for attrs and dataclasses."
optional = false
python-versions = ">=3.7"
files = [
    {file = "cattrs-23.1.2-py3-none-any.whl", hash = "sha256:b2bb14311ac17bed0d58785e5a60f022e5431aca3932e3fc5cc8ed8639de50a4"},
    {file = "cattrs-23.1.2.tar.gz", hash = "sha256:db1c821b8c537382b2c7c66678c3790091ca0275ac486c76f3c8f3920e83c657"},
]

[package.dependencies]
attrs = ">=20"
exceptiongroup = {version = "*", markers = "python_version < \"3.11\""}
typing_extensions = {version = ">=4.1.0", markers = "python_version < \"3.11\""}

[package.extras]
bson = ["pymongo (>=4.2.0,<5.0.0)"]
cbor2 = ["cbor2 (>=5.4.6,<6.0.0)"]
msgpack = ["msgpack (>=1.0.2,<2.0.0)"]
orjson = ["orjson (>=3.5.2,<4.0.0)"]
pyyaml = ["PyYAML (>=6.0,<7.0)"]
tomlkit = ["tomlkit (>=0.11.4,<0.12.0)"]
ujson = ["ujson (>=5.4.0,<6.0.0)"]

[[package]]
name = "colorama"
version = "0.4.5"
description = "Cross-platform colored terminal text."
optional = false
python-versions = ">=2.7, !=3.0.*, !=3.1.*, !=3.2.*, !=3.3.*, !=3.4.*"
files = [
    {file = "colorama-0.4.5-py2.py3-none-any.whl", hash = "sha256:854bf444933e37f5824ae7bfc1e98d5bce2ebe4160d46b5edf346a89358e99da"},
    {file = "colorama-0.4.5.tar.gz", hash = "sha256:e6c6b4334fc50988a639d9b98aa429a0b57da6e17b9a44f0451f930b6967b7a4"},
]

[[package]]
name = "exceptiongroup"
version = "1.1.0"
description = "Backport of PEP 654 (exception groups)"
optional = false
python-versions = ">=3.7"
files = [
    {file = "exceptiongroup-1.1.0-py3-none-any.whl", hash = "sha256:327cbda3da756e2de031a3107b81ab7b3770a602c4d16ca618298c526f4bec1e"},
    {file = "exceptiongroup-1.1.0.tar.gz", hash = "sha256:bcb67d800a4497e1b404c2dd44fca47d3b7a5e5433dbab67f96c1a685cdfdf23"},
]

[package.extras]
test = ["pytest (>=6)"]

[[package]]
name = "iniconfig"
version = "1.1.1"
description = "iniconfig: brain-dead simple config-ini parsing"
optional = false
python-versions = "*"
files = [
    {file = "iniconfig-1.1.1-py2.py3-none-any.whl", hash = "sha256:011e24c64b7f47f6ebd835bb12a743f2fbe9a26d4cecaa7f53bc4f35ee9da8b3"},
    {file = "iniconfig-1.1.1.tar.gz", hash = "sha256:bc3af051d7d14b2ee5ef9969666def0cd1a000e121eaea580d4a313df4b37f32"},
]

[[package]]
name = "lsprotocol"
version = "2023.0.1"
description = "Python implementation of the Language Server Protocol."
optional = false
python-versions = ">=3.7"
files = [
    {file = "lsprotocol-2023.0.1-py3-none-any.whl", hash = "sha256:c75223c9e4af2f24272b14c6375787438279369236cd568f596d4951052a60f2"},
    {file = "lsprotocol-2023.0.1.tar.gz", hash = "sha256:cc5c15130d2403c18b734304339e51242d3018a05c4f7d0f198ad6e0cd21861d"},
]

[package.dependencies]
attrs = ">=21.3.0"
cattrs = "!=23.2.1"

[[package]]
name = "packaging"
version = "21.3"
description = "Core utilities for Python packages"
optional = false
python-versions = ">=3.6"
files = [
    {file = "packaging-21.3-py3-none-any.whl", hash = "sha256:ef103e05f519cdc783ae24ea4e2e0f508a9c99b2d4969652eed6a2e1ea5bd522"},
    {file = "packaging-21.3.tar.gz", hash = "sha256:dd47c42927d89ab911e606518907cc2d3a1f38bbd026385970643f9c5b8ecfeb"},
]

[package.dependencies]
pyparsing = ">=2.0.2,<3.0.5 || >3.0.5"

[[package]]
name = "pluggy"
version = "1.5.0"
description = "plugin and hook calling mechanisms for python"
optional = false
python-versions = ">=3.8"
files = [
    {file = "pluggy-1.5.0-py3-none-any.whl", hash = "sha256:44e1ad92c8ca002de6377e165f3e0f1be63266ab4d554740532335b9d75ea669"},
    {file = "pluggy-1.5.0.tar.gz", hash = "sha256:2cffa88e94fdc978c4c574f15f9e59b7f4201d439195c3715ca9e2486f1d0cf1"},
]

[package.extras]
dev = ["pre-commit", "tox"]
testing = ["pytest", "pytest-benchmark"]

[[package]]
name = "pygls"
version = "1.3.1"
description = "A pythonic generic language server (pronounced like 'pie glass')"
optional = false
python-versions = ">=3.8"
files = [
    {file = "pygls-1.3.1-py3-none-any.whl", hash = "sha256:6e00f11efc56321bdeb6eac04f6d86131f654c7d49124344a9ebb968da3dd91e"},
    {file = "pygls-1.3.1.tar.gz", hash = "sha256:140edceefa0da0e9b3c533547c892a42a7d2fd9217ae848c330c53d266a55018"},
]

[package.dependencies]
cattrs = ">=23.1.2"
lsprotocol = "2023.0.1"

[package.extras]
ws = ["websockets (>=11.0.3)"]

[[package]]
name = "pyparsing"
version = "3.0.9"
description = "pyparsing module - Classes and methods to define and execute parsing grammars"
optional = false
python-versions = ">=3.6.8"
files = [
    {file = "pyparsing-3.0.9-py3-none-any.whl", hash = "sha256:5026bae9a10eeaefb61dab2f09052b9f4307d44aee4eda64b309723d8d206bbc"},
    {file = "pyparsing-3.0.9.tar.gz", hash = "sha256:2b020ecf7d21b687f219b71ecad3631f644a47f01403fa1d1036b0c6416d70fb"},
]

[package.extras]
diagrams = ["jinja2", "railroad-diagrams"]

[[package]]
name = "pytest"
version = "8.3.3"
description = "pytest: simple powerful testing with Python"
optional = false
python-versions = ">=3.8"
files = [
    {file = "pytest-8.3.3-py3-none-any.whl", hash = "sha256:a6853c7375b2663155079443d2e45de913a911a11d669df02a50814944db57b2"},
    {file = "pytest-8.3.3.tar.gz", hash = "sha256:70b98107bd648308a7952b06e6ca9a50bc660be218d53c257cc1fc94fda10181"},
]

[package.dependencies]
colorama = {version = "*", markers = "sys_platform == \"win32\""}
exceptiongroup = {version = ">=1.0.0rc8", markers = "python_version < \"3.11\""}
iniconfig = "*"
packaging = "*"
pluggy = ">=1.5,<2"
tomli = {version = ">=1", markers = "python_version < \"3.11\""}

[package.extras]
dev = ["argcomplete", "attrs (>=19.2)", "hypothesis (>=3.56)", "mock", "pygments (>=2.7.2)", "requests", "setuptools", "xmlschema"]

[[package]]
name = "tomli"
version = "2.0.1"
description = "A lil' TOML parser"
optional = false
python-versions = ">=3.7"
files = [
    {file = "tomli-2.0.1-py3-none-any.whl", hash = "sha256:939de3e7a6161af0c887ef91b7d41a53e7c5a1ca976325f429cb46ea9bc30ecc"},
    {file = "tomli-2.0.1.tar.gz", hash = "sha256:de526c12914f0c550d15924c62d72abc48d6fe7364aa87328337a31007fe8a4f"},
]

[[package]]
name = "typing-extensions"
version = "4.8.0"
description = "Backported and Experimental Type Hints for Python 3.8+"
optional = false
python-versions = ">=3.8"
files = [
    {file = "typing_extensions-4.8.0-py3-none-any.whl", hash = "sha256:8f92fc8806f9a6b641eaa5318da32b44d401efaac0f6678c9bc448ba3605faa0"},
    {file = "typing_extensions-4.8.0.tar.gz", hash = "sha256:df8e4339e9cb77357558cbdbceca33c303714cf861d1eef15e1070055ae8b7ef"},
]

[[package]]
name = "yara-python"
version = "4.5.1"
description = "Python interface for YARA"
optional = false
python-versions = "*"
files = [
    {file = "yara_python-4.5.1-cp310-cp310-macosx_10_9_universal2.whl", hash = "sha256:7c92219bf91caea277bc2736df70dda3709834c297a4a5906f1d9a46cd03579a"},
    {file = "yara_python-4.5.1-cp310-cp310-macosx_10_9_x86_64.whl", hash = "sha256:6e8e9eb5a49a70a013bf45e0ec97210b7cb124813271fddc666c3cfb1308a2d5"},
    {file = "yara_python-4.5.1-cp310-cp310-manylinux_2_17_aarch64.manylinux2014_aarch64.whl", hash = "sha256:ffb48e853f107f2e6e0e29a97ce1185e9cc7a15a6c860dc65eb8ec431d1b6d3e"},
    {file = "yara_python-4.5.1-cp310-cp310-manylinux_2_17_i686.manylinux2014_i686.whl", hash = "sha256:2c6a4e181de457a5de74982b82ab01c89a06bcd66820ca1671f22e984be1be78"},
    {file = "yara_python-4.5.1-cp310-cp310-manylinux_2_17_x86_64.manylinux2014_x86_64.whl", hash = "sha256:155ef1a9ca2aeeb57441fa99b6d8bd2cb67787f0d62b3c1670512e36c97ec02f"},
    {file = "yara_python-4.5.1-cp310-cp310-musllinux_1_1_aarch64.whl", hash = "sha256:264fdc2953c635131112a2cef6208b52d35731a6cc902cc62fe82508d9051afd"},
    {file = "yara_python-4.5.1-cp310-cp310-musllinux_1_1_i686.whl", hash = "sha256:a1a3e6b610e7131353cfea80ba119db3e96f7ad7befcd9d5a51df8786c806403"},
    {file = "yara_python-4.5.1-cp310-cp310-musllinux_1_1_x86_64.whl", hash = "sha256:aec3dda6b173c4be4d972058ee41fb019c866b82861f12a1ac2b01035cea34b9"},
    {file = "yara_python-4.5.1-cp310-cp310-win32.whl", hash = "sha256:8c3935da45ce283e02a86c9120240524e352add64c5cbccd616885937801ac67"},
    {file = "yara_python-4.5.1-cp310-cp310-win_amd64.whl", hash = "sha256:59fd46cc8c5a77e5e4942c7e403ac738f5c64154dcbc67bd8c9af453d7bb2539"},
    {file = "yara_python-4.5.1-cp311-cp311-macosx_10_9_universal2.whl", hash = "sha256:3044359876921e26370f7b646d84a65681811df577be7d4d09c7de21b33d9130"},
    {file = "yara_python-4.5.1-cp311-cp311-macosx_10_9_x86_64.whl", hash = "sha256:49ad70b6b65ed1c591c3bfb3d5d6da0fc6a73b1f979604feead450f348ad67c4"},
    {file = "yara_python-4.5.1-cp311-cp311-manylinux_2_17_aarch64.manylinux2014_aarch64.whl", hash = "sha256:5a6a185d2ec8fbbffa89d0f7949b84f76860d0e3a74192825dbf53d6a5069b83"},
    {file = "yara_python-4.5.1-cp311-cp311-manylinux_2_17_i686.manylinux2014_i686.whl", hash = "sha256:2560dd27f63cdb395d9d77d6a74d1f0d6b7aa0ea18394f44d650e5abb6e377a3"},
    {file = "yara_python-4.5.1-cp311-cp311-manylinux_2_17_x86_64.manylinux2014_x86_64.whl", hash = "sha256:471e4070bf7e3b9b132f1c0134d1172d9dae353b04f2fce9bc31431ae785595e"},
    {file = "yara_python-4.5.1-cp311-cp311-musllinux_1_1_aarch64.whl", hash = "sha256:f533848781f0e46e44eda77055eae4ec934cf56c1f473e787704f1a348e90094"},
    {file = "yara_python-4.5.1-cp311-cp311-musllinux_1_1_i686.whl", hash = "sha256:3aaf259ed162d2de5db70ae1ba057307efdeb7f4697d74cc5b3313caa7647923"},
    {file = "yara_python-4.5.1-cp311-cp311-musllinux_1_1_x86_64.whl", hash = "sha256:90374acc38086447a668580a9aecceb11964f08deb05bfaced6f43e9e67955a1"},
    {file = "yara_python-4.5.1-cp311-cp311-win32.whl", hash = "sha256:721422a14d18a81d75397df51481f5b5f3ab8d0a5220087e5306570877cab4e4"},
    {file = "yara_python-4.5.1-cp311-cp311-win_amd64.whl", hash = "sha256:dac13dc77a5f21c119104ae4e6ad837589eace0505e9daf38af0bd2d4ccd7cfa"},
    {file = "yara_python-4.5.1-cp312-cp312-macosx_10_9_universal2.whl", hash = "sha256:7eb27c1cd2f6f93f68e23e676ede28357c1fc8b9ec7deefe86f2cfef4abd877c"},
    {file = "yara_python-4.5.1-cp312-cp312-macosx_10_9_x86_64.whl", hash = "sha256:4c7ac7c1ae5e25bd5bf67ce752ac82568c2cdc157c9af50ba28d7cbab4421175"},
    {file = "yara_python-4.5.1-cp312-cp312-manylinux_2_17_aarch64.manylinux2014_aarch64.whl", hash = "sha256:77011bed905f3786755da7de7ba9082790db654a241e13746fa3fc325b9ad966"},
    {file = "yara_python-4.5.1-cp312-cp312-manylinux_2_17_i686.manylinux2014_i686.whl", hash = "sha256:0ddedd9bfcfc37ffddceefd9dbf9bbba137c979b3effc9c1e9aeb08d77c6858c"},
    {file = "yara_python-4.5.1-cp312-cp312-manylinux_2_17_x86_64.manylinux2014_x86_64.whl", hash = "sha256:3431154fac7f41b4657edad91632717b5f1bab5be4ed6ce28d6e17e441d5c947"},
    {file = "yara_python-4.5.1-cp312-cp312-musllinux_1_1_aarch64.whl", hash = "sha256:7d5dc091235ded00b30f04a51d70e08352e44976122f8d45e63d25e96eae27d9"},
    {file = "yara_python-4.5.1-cp312-cp312-musllinux_1_1_i686.whl", hash = "sha256:97d30a483d195e6b695f072086cf1234317a650727844bac7bf85cf98dd960a3"},
    {file = "yara_python-4.5.1-cp312-cp312-musllinux_1_1_x86_64.whl", hash = "sha256:bb65c17657b4cdbe5adee7a6e617ee05e214e8afdbc82b195885354a72a16476"},
    {file = "yara_python-4.5.1-cp312-cp312-win32.whl", hash = "sha256:4f368d057e0865278444c948a65802f7c92008a1b59bf629bdc9efa1b0120a22"},
    {file = "yara_python-4.5.1-cp312-cp312-win_amd64.whl", hash = "sha256:6ccd73466d7ad1a50cd06f38fdb7a023fee87dd185d3fcf67cc5c55d82cc34dd"},
    {file = "yara_python-4.5.1-cp37-cp37m-macosx_10_9_x86_64.whl", hash = "sha256:37ff0e6256d75521e5ac52b45671647bd6f6a7aa49259b13c19db424d9fdb795"},
    {file = "yara_python-4.5.1-cp37-cp37m-manylinux_2_17_aarch64.manylinux2014_aarch64.whl", hash = "sha256:c17d1555dbd99f4872ca289ee92b9630331def0df864f88ced1665efa3cabdac"},
    {file = "yara_python-4.5.1-cp37-cp37m-manylinux_2_17_i686.manylinux2014_i686.whl", hash = "sha256:cfae9eac6a65d25799aecd21cb43f3552a86552c57e90e85e03a1e95e100fb35"},
    {file = "yara_python-4.5.1-cp37-cp37m-manylinux_2_17_x86_64.manylinux2014_x86_64.whl", hash = "sha256:b8c8cfbdc33cbcf78afd6e11149e406dfe558bbd497ff0c9b001753545a326e7"},
    {file = "yara_python-4.5.1-cp37-cp37m-musllinux_1_1_aarch64.whl", hash = "sha256:bb767f5c9c67d0b5de4d916c92130303d02d07d5a96a160aa5d7aa6c45883b1f"},
    {file = "yara_python-4.5.1-cp37-cp37m-musllinux_1_1_i686.whl", hash = "sha256:e14d43aba8a8d66268cd45ce534bb7b608ca08d97d4ffb9f0205ef5554e317fb"},
    {file = "yara_python-4.5.1-cp37-cp37m-musllinux_1_1_x86_64.whl", hash = "sha256:4c2d81727e24c224b0003770f2548f2eb75d9a95d5aa03b65d5ccf8ab3112d8d"},
    {file = "yara_python-4.5.1-cp37-cp37m-win32.whl", hash = "sha256:da5848e64fdde37529e6ebd8e5778e4665a7dee8cdff2f347ec47a39b453f298"},
    {file = "yara_python-4.5.1-cp37-cp37m-win_amd64.whl", hash = "sha256:0fc8a450b662a0235ab7cee59ad2e366207c97bb99a80db9ffb68f865abd4ac9"},
    {file = "yara_python-4.5.1-cp38-cp38-macosx_10_9_universal2.whl", hash = "sha256:0324175b06c440eb754b7ff3845b6eb426b5870bbbebbeae32f2e5281fd35860"},
    {file = "yara_python-4.5.1-cp38-cp38-macosx_10_9_x86_64.whl", hash = "sha256:f408668aab84a0f42b78784d948a69a99bf95300536edd4ab771bb4a06d92f50"},
    {file = "yara_python-4.5.1-cp38-cp38-manylinux_2_17_aarch64.manylinux2014_aarch64.whl", hash = "sha256:a885ec2800b3ee8c4ba9e6634005e041afad33998d59fa6c76bea60c1bd9c73b"},
    {file = "yara_python-4.5.1-cp38-cp38-manylinux_2_17_i686.manylinux2014_i686.whl", hash = "sha256:153d459a2382a28d08edb84a74f27d8ef2cc8154f7822dadf744c5797e8e6f25"},
    {file = "yara_python-4.5.1-cp38-cp38-manylinux_2_17_x86_64.manylinux2014_x86_64.whl", hash = "sha256:509ca2000c9f76c3304f9fdbb886b1d403231a6a76ec9b4aeb18c67ee8279917"},
    {file = "yara_python-4.5.1-cp38-cp38-musllinux_1_1_aarch64.whl", hash = "sha256:b03d2ffe24a13d69d14b12517aac7a4ea5f0df41ac725f282ebdc729f4365a3d"},
    {file = "yara_python-4.5.1-cp38-cp38-musllinux_1_1_i686.whl", hash = "sha256:8e90cc9bee1340dec0e9dab95e056dec08e6ac67945ad20f537d65457845f2f1"},
    {file = "yara_python-4.5.1-cp38-cp38-musllinux_1_1_x86_64.whl", hash = "sha256:37f6e85ee2fe458b52d4984bc2327cd33d69a10579dd708e29d6fbd371aceafe"},
    {file = "yara_python-4.5.1-cp38-cp38-win32.whl", hash = "sha256:90aa56a3e27fdc5751550fe136a8d815c55a1a1db025b28d1f7d146493751310"},
    {file = "yara_python-4.5.1-cp38-cp38-win_amd64.whl", hash = "sha256:4cc7d5220a488fa0470f7c7ea303d1174e3b7e88dc6eef539ab048c8590257a8"},
    {file = "yara_python-4.5.1-cp39-cp39-macosx_10_9_universal2.whl", hash = "sha256:6e8566034b9c24a12a8fd8b0ff580b078add7f9e9719e633ad1adcbb33be534a"},
    {file = "yara_python-4.5.1-cp39-cp39-macosx_10_9_x86_64.whl", hash = "sha256:934f08ca197a645977749ca1163262abcec9bdbcb54cd47ffb2452c3edc4c5e4"},
    {file = "yara_python-4.5.1-cp39-cp39-manylinux_2_17_aarch64.manylinux2014_aarch64.whl", hash = "sha256:a41992c45fcad39ad05016eafc3c3632b3a11ede2440ba9c1250c5e5d484687a"},
    {file = "yara_python-4.5.1-cp39-cp39-manylinux_2_17_i686.manylinux2014_i686.whl", hash = "sha256:70eb3f84b6e57f7f52676ae9c11dccde2867f49bac6e9a042ef2d027a8afb9f1"},
    {file = "yara_python-4.5.1-cp39-cp39-manylinux_2_17_x86_64.manylinux2014_x86_64.whl", hash = "sha256:9d21efeb69d83c48419beccda4aeb415c4c993387e6dee64d8eac4b33af8ac58"},
    {file = "yara_python-4.5.1-cp39-cp39-musllinux_1_1_aarch64.whl", hash = "sha256:98b780fe880cb219b9a92957a1f9863e53908a2dd75483976265d256b3b69b84"},
    {file = "yara_python-4.5.1-cp39-cp39-musllinux_1_1_i686.whl", hash = "sha256:04c414472b0e3c4a2998ae247c0215bbb52c7808d09a7ca3899ef86ad1df7a7b"},
    {file = "yara_python-4.5.1-cp39-cp39-musllinux_1_1_x86_64.whl", hash = "sha256:0502328eeb18aa6e50af7e31df91b1dd23db0d47a0744383d90ff5cb38ff8d30"},
    {file = "yara_python-4.5.1-cp39-cp39-win32.whl", hash = "sha256:5c266ce1a9f6f783f565d0687a052e0a76c287495452a92d495809f8f6c32a44"},
    {file = "yara_python-4.5.1-cp39-cp39-win_amd64.whl", hash = "sha256:cc08a46630373bf194dc560e422622d45a3cbefec334650a96777f4c5f31f637"},
    {file = "yara_python-4.5.1-pp310-pypy310_pp73-macosx_10_9_x86_64.whl", hash = "sha256:f23ea9893efd676eb2727e869b486d71e7cb7839789a36c80b726258365b39b6"},
    {file = "yara_python-4.5.1-pp310-pypy310_pp73-manylinux_2_17_aarch64.manylinux2014_aarch64.whl", hash = "sha256:edf490994334b00933f7bc37fdd255451f12db741b15c2917fceb31e11bb698d"},
    {file = "yara_python-4.5.1-pp310-pypy310_pp73-manylinux_2_17_i686.manylinux2014_i686.whl", hash = "sha256:038dcec1728233144ab0ab7ea4ed060f642c5f3152742c9ee71b493f571d6fd5"},
    {file = "yara_python-4.5.1-pp310-pypy310_pp73-manylinux_2_17_x86_64.manylinux2014_x86_64.whl", hash = "sha256:146f2fbdeb043c32a6a7d08a4e37a0bb1c3c0a16d2ad97d957627f6158360569"},
    {file = "yara_python-4.5.1-pp310-pypy310_pp73-win_amd64.whl", hash = "sha256:389aa3a655c94885399e290bd74703273d7a1ecb33593b62801abee91efdfc86"},
    {file = "yara_python-4.5.1-pp37-pypy37_pp73-macosx_10_9_x86_64.whl", hash = "sha256:df67822be9430066f76604421f79b8d1446d749d925376c82c3e7649064899e3"},
    {file = "yara_python-4.5.1-pp37-pypy37_pp73-manylinux_2_17_aarch64.manylinux2014_aarch64.whl", hash = "sha256:ecd0fa98a66e58be6a1d679e8679fc39029a4afa66d5310943d9180b90e57baf"},
    {file = "yara_python-4.5.1-pp37-pypy37_pp73-manylinux_2_17_i686.manylinux2014_i686.whl", hash = "sha256:8a073a26d1b081942fc741da8eeefe59c6fec5bf7f2adb3e80df1d73f57a7ea3"},
    {file = "yara_python-4.5.1-pp37-pypy37_pp73-manylinux_2_17_x86_64.manylinux2014_x86_64.whl", hash = "sha256:92af5596aa4af20d7f81260dc72b989dfd4b7672c5492f13e9b71fe2b24c936f"},
    {file = "yara_python-4.5.1-pp37-pypy37_pp73-win_amd64.whl", hash = "sha256:984f67c08f945acb78d2548aaf5ffa19d27288b48979eb0652dd3a89c7b7747b"},
    {file = "yara_python-4.5.1-pp38-pypy38_pp73-macosx_10_9_x86_64.whl", hash = "sha256:2756fe1121fdd45b29d0d21fea66f762ef50d9e636bae8fd94217f0dc4c32a3a"},
    {file = "yara_python-4.5.1-pp38-pypy38_pp73-manylinux_2_17_aarch64.manylinux2014_aarch64.whl", hash = "sha256:c27dd8bdf1bbd946a82d1717c3dcc2efa449abb04018d186dca6b412ed93eba6"},
    {file = "yara_python-4.5.1-pp38-pypy38_pp73-manylinux_2_17_i686.manylinux2014_i686.whl", hash = "sha256:382fd997999cfd83d7c2087f8b73c55dde8193473ff2a78643b5c69d3a39e084"},
    {file = "yara_python-4.5.1-pp38-pypy38_pp73-manylinux_2_17_x86_64.manylinux2014_x86_64.whl", hash = "sha256:024c477f182c26265fc447051e09099016e3562ac7f2255e05de2a506dd4d6dc"},
    {file = "yara_python-4.5.1-pp38-pypy38_pp73-win_amd64.whl", hash = "sha256:2add91c1f2c7c6bd82affffd864f7e7a96285c80b97906f81584be3b3b448b74"},
    {file = "yara_python-4.5.1-pp39-pypy39_pp73-macosx_10_9_x86_64.whl", hash = "sha256:7ae8411ae68a9f8911781bdc4393fc21ab48372ed3605c64265d08d57394ff5f"},
    {file = "yara_python-4.5.1-pp39-pypy39_pp73-manylinux_2_17_aarch64.manylinux2014_aarch64.whl", hash = "sha256:bc81d88d3fa54f2a019e716f715a18e0c2c7c03816fef926b07b4ab3ba698e69"},
    {file = "yara_python-4.5.1-pp39-pypy39_pp73-manylinux_2_17_i686.manylinux2014_i686.whl", hash = "sha256:8765e387652f9354ca705ea8692e5e24424f7c20aaec857b40c13b18fe7862ad"},
    {file = "yara_python-4.5.1-pp39-pypy39_pp73-manylinux_2_17_x86_64.manylinux2014_x86_64.whl", hash = "sha256:4c1acc3fd1b4634a4b438b6129f3b52a306d40e44c7fd950e7154f147a12e4de"},
    {file = "yara_python-4.5.1-pp39-pypy39_pp73-win_amd64.whl", hash = "sha256:d64e300925d56b3cf7f430b3bf86e133b14aaf578cfe827c08aec8869b8375e9"},
    {file = "yara_python-4.5.1.tar.gz", hash = "sha256:52ab24422b021ae648be3de25090cbf9e6c6caa20488f498860d07f7be397930"},
]

[[package]]
name = "yaramod"
version = "3.21.0"
description = "Library for manipulation of YARA files."
optional = false
python-versions = ">=3"
files = [
    {file = "yaramod-3.21.0-cp310-cp310-manylinux_2_17_x86_64.manylinux2014_x86_64.whl", hash = "sha256:856ae036d2138ec0f15ccbd904dffc511b04f908ef37b2eb8ca9f4a6dd1c91f1"},
    {file = "yaramod-3.21.0-cp310-cp310-win_amd64.whl", hash = "sha256:dfd66a425eadb6776c3634bf637d17d0272e418262c5cca91565795bf5c26eb5"},
    {file = "yaramod-3.21.0-cp311-cp311-manylinux_2_17_x86_64.manylinux2014_x86_64.whl", hash = "sha256:be610ed4d6a4fdee1df0ecef4643eae6af0bf17b543889402198796cf17ae5e9"},
    {file = "yaramod-3.21.0-cp311-cp311-win_amd64.whl", hash = "sha256:78563b65bd654159e2381c09c72004b6141927c3daf155030e42ef9a1c45b6c5"},
    {file = "yaramod-3.21.0-cp312-cp312-manylinux_2_17_x86_64.manylinux2014_x86_64.whl", hash = "sha256:fddb53a72b06ca0c7467d2dacf4c0d5411cc50c4e363612176a2b74bb85cc7d7"},
    {file = "yaramod-3.21.0-cp312-cp312-win_amd64.whl", hash = "sha256:d27bd54056836a332f049e89fba01a61991b36a94324f2b2812662f32cda977e"},
    {file = "yaramod-3.21.0-cp38-cp38-manylinux_2_17_x86_64.manylinux2014_x86_64.whl", hash = "sha256:3fd2b010329d8b7d23ef4cf8abecbadc7b635dd2a531f44632135ef16526b2df"},
    {file = "yaramod-3.21.0-cp38-cp38-win_amd64.whl", hash = "sha256:c0b910ca5b3ad562caae497929055d7600665e8e6c815cd131e33024afcd806a"},
    {file = "yaramod-3.21.0-cp39-cp39-manylinux_2_17_x86_64.manylinux2014_x86_64.whl", hash = "sha256:c0ed707072a0002c545761c58d2648c440bf45693c6f9ec971ca7a1ea88a562b"},
    {file = "yaramod-3.21.0-cp39-cp39-win_amd64.whl", hash = "sha256:7a8bea9a61cb9c2c94a8104db8d6881bb2b75801d6ad39b2dc862d9e890ffadc"},
    {file = "yaramod-3.21.0.tar.gz", hash = "sha256:10e298048501bb342a3fae019a9ffda1ad23d6a82ead5ea90186e4af28f8965a"},
]

[[package]]
name = "yari-py"
version = "0.2.1"
description = "Python bindings for YARI."
optional = false
python-versions = ">=3.7"
files = [
    {file = "yari_py-0.2.1-cp310-cp310-manylinux_2_17_x86_64.manylinux2014_x86_64.whl", hash = "sha256:58a62745eb0f5acc8118da6a7b6f7833dbd8c9f80528c567908b8b21d18fc92d"},
    {file = "yari_py-0.2.1-cp310-none-win_amd64.whl", hash = "sha256:2094de4192ccd4460866bcb860deb1b17c62a96bd1dded9da7c24a72dd1f5298"},
    {file = "yari_py-0.2.1-cp311-cp311-manylinux_2_17_x86_64.manylinux2014_x86_64.whl", hash = "sha256:1a772a2a0a4970aedb829eb138acf26506cf17bfb0eae48b664d1bd6422084c8"},
    {file = "yari_py-0.2.1-cp311-none-win_amd64.whl", hash = "sha256:12f13de8e1827917484ef46e545fa720c207873f7c7a71b50994830cba04480a"},
    {file = "yari_py-0.2.1-cp312-cp312-manylinux_2_17_x86_64.manylinux2014_x86_64.whl", hash = "sha256:4e48b4ecf243cf7b1c2b85cb3b9022ac802446438b2e6161f74c8ba8e9906137"},
    {file = "yari_py-0.2.1-cp312-none-win_amd64.whl", hash = "sha256:85df45ca5188528dfef8abdf2d15a479eaad9789a654e9f360a8260c73cb0775"},
    {file = "yari_py-0.2.1-cp37-cp37m-manylinux_2_17_x86_64.manylinux2014_x86_64.whl", hash = "sha256:38942ad9724ae2a5b43f95823b56a7b7b6e5aff75ed3c0e6d6eb06fab7ca1507"},
    {file = "yari_py-0.2.1-cp37-none-win_amd64.whl", hash = "sha256:6be1d0dc01033dcc8b46159eb31e03402634858982182a7960f77ecc47df237e"},
    {file = "yari_py-0.2.1-cp38-cp38-manylinux_2_17_x86_64.manylinux2014_x86_64.whl", hash = "sha256:b56b897733d035d269a8100d21f5eb036f211e2da140de4ec1a37c90d49f86ea"},
    {file = "yari_py-0.2.1-cp38-none-win_amd64.whl", hash = "sha256:a6fa250d20d0cd4979a7fe38bafaf19ea78f0d2ab9c1ab6ebacc4652e8deab15"},
    {file = "yari_py-0.2.1-cp39-cp39-manylinux_2_17_x86_64.manylinux2014_x86_64.whl", hash = "sha256:c9c903cac10924d485ef81b43d8390fb5c10763ce215b9a4a2e91b9af4114f9c"},
    {file = "yari_py-0.2.1-cp39-none-win_amd64.whl", hash = "sha256:59dd459ebecbfd49cac2167a553ec034e3ca581bd06e595d3e0311418a61937e"},
]

[[package]]
name = "yls"
version = "1.4.2"
description = "YARA Language Server"
optional = false
python-versions = "<4.0,>=3.8"
files = [
    {file = "yls-1.4.2-py3-none-any.whl", hash = "sha256:2868d5a5d6dfa9973ec6a52b6297db5e47c7d90ca9642fc44b0383d64a131abe"},
    {file = "yls-1.4.2.tar.gz", hash = "sha256:0f7da434451a439701b3aa06056ee71b02ee3289a6a2169b257cb5b48a276b0d"},
]

[package.dependencies]
pluggy = ">=1.0.0,<2.0.0"
pygls = ">=1.3.0,<2.0.0"
yaramod = ">=3.21.0,<4.0.0"
yari-py = ">=0.2.1,<0.3.0"

[metadata]
lock-version = "2.0"
python-versions = "^3.8"
content-hash = "da2fc9988b35c8c86f9e634defce08d871c1dc1c559d1900e0bc55ec7f463966"
