# This file is automatically @generated by Poetry 2.1.1 and should not be changed by hand.

[[package]]
name = "attrs"
version = "22.1.0"
description = "Classes Without Boilerplate"
optional = false
python-versions = ">=3.5"
groups = ["main"]
files = [
    {file = "attrs-22.1.0-py2.py3-none-any.whl", hash = "sha256:86efa402f67bf2df34f51a335487cf46b1ec130d02b8d39fd248abfd30da551c"},
    {file = "attrs-22.1.0.tar.gz", hash = "sha256:29adc2665447e5191d0e7c568fde78b21f9672d344281d0c6e1ab085429b22b6"},
]

[package.extras]
dev = ["cloudpickle ; platform_python_implementation == \"CPython\"", "coverage[toml] (>=5.0.2)", "furo", "hypothesis", "mypy (>=0.900,!=0.940)", "pre-commit", "pympler", "pytest (>=4.3.0)", "pytest-mypy-plugins", "sphinx", "sphinx-notfound-page", "zope.interface"]
docs = ["furo", "sphinx", "sphinx-notfound-page", "zope.interface"]
tests = ["cloudpickle ; platform_python_implementation == \"CPython\"", "coverage[toml] (>=5.0.2)", "hypothesis", "mypy (>=0.900,!=0.940)", "pympler", "pytest (>=4.3.0)", "pytest-mypy-plugins", "zope.interface"]
tests-no-zope = ["cloudpickle ; platform_python_implementation == \"CPython\"", "coverage[toml] (>=5.0.2)", "hypothesis", "mypy (>=0.900,!=0.940)", "pympler", "pytest (>=4.3.0)", "pytest-mypy-plugins"]

[[package]]
name = "cattrs"
version = "23.1.2"
description = "Composable complex class support for attrs and dataclasses."
optional = false
python-versions = ">=3.7"
groups = ["main"]
files = [
    {file = "cattrs-23.1.2-py3-none-any.whl", hash = "sha256:b2bb14311ac17bed0d58785e5a60f022e5431aca3932e3fc5cc8ed8639de50a4"},
    {file = "cattrs-23.1.2.tar.gz", hash = "sha256:db1c821b8c537382b2c7c66678c3790091ca0275ac486c76f3c8f3920e83c657"},
]

[package.dependencies]
attrs = ">=20"
exceptiongroup = {version = "*", markers = "python_version < \"3.11\""}
typing_extensions = {version = ">=4.1.0", markers = "python_version < \"3.11\""}

[package.extras]
bson = ["pymongo (>=4.2.0,<5.0.0)"]
cbor2 = ["cbor2 (>=5.4.6,<6.0.0)"]
msgpack = ["msgpack (>=1.0.2,<2.0.0)"]
orjson = ["orjson (>=3.5.2,<4.0.0) ; implementation_name == \"cpython\""]
pyyaml = ["PyYAML (>=6.0,<7.0)"]
tomlkit = ["tomlkit (>=0.11.4,<0.12.0) ; python_version < \"4\""]
ujson = ["ujson (>=5.4.0,<6.0.0)"]

[[package]]
name = "colorama"
version = "0.4.5"
description = "Cross-platform colored terminal text."
optional = false
python-versions = ">=2.7, !=3.0.*, !=3.1.*, !=3.2.*, !=3.3.*, !=3.4.*"
groups = ["dev"]
markers = "sys_platform == \"win32\""
files = [
    {file = "colorama-0.4.5-py2.py3-none-any.whl", hash = "sha256:854bf444933e37f5824ae7bfc1e98d5bce2ebe4160d46b5edf346a89358e99da"},
    {file = "colorama-0.4.5.tar.gz", hash = "sha256:e6c6b4334fc50988a639d9b98aa429a0b57da6e17b9a44f0451f930b6967b7a4"},
]

[[package]]
name = "exceptiongroup"
version = "1.1.0"
description = "Backport of PEP 654 (exception groups)"
optional = false
python-versions = ">=3.7"
groups = ["main", "dev"]
markers = "python_version < \"3.11\""
files = [
    {file = "exceptiongroup-1.1.0-py3-none-any.whl", hash = "sha256:327cbda3da756e2de031a3107b81ab7b3770a602c4d16ca618298c526f4bec1e"},
    {file = "exceptiongroup-1.1.0.tar.gz", hash = "sha256:bcb67d800a4497e1b404c2dd44fca47d3b7a5e5433dbab67f96c1a685cdfdf23"},
]

[package.extras]
test = ["pytest (>=6)"]

[[package]]
name = "iniconfig"
version = "1.1.1"
description = "iniconfig: brain-dead simple config-ini parsing"
optional = false
python-versions = "*"
groups = ["dev"]
files = [
    {file = "iniconfig-1.1.1-py2.py3-none-any.whl", hash = "sha256:011e24c64b7f47f6ebd835bb12a743f2fbe9a26d4cecaa7f53bc4f35ee9da8b3"},
    {file = "iniconfig-1.1.1.tar.gz", hash = "sha256:bc3af051d7d14b2ee5ef9969666def0cd1a000e121eaea580d4a313df4b37f32"},
]

[[package]]
name = "lsprotocol"
version = "2023.0.1"
description = "Python implementation of the Language Server Protocol."
optional = false
python-versions = ">=3.7"
groups = ["main"]
files = [
    {file = "lsprotocol-2023.0.1-py3-none-any.whl", hash = "sha256:c75223c9e4af2f24272b14c6375787438279369236cd568f596d4951052a60f2"},
    {file = "lsprotocol-2023.0.1.tar.gz", hash = "sha256:cc5c15130d2403c18b734304339e51242d3018a05c4f7d0f198ad6e0cd21861d"},
]

[package.dependencies]
attrs = ">=21.3.0"
cattrs = "!=23.2.1"

[[package]]
name = "packaging"
version = "21.3"
description = "Core utilities for Python packages"
optional = false
python-versions = ">=3.6"
groups = ["dev"]
files = [
    {file = "packaging-21.3-py3-none-any.whl", hash = "sha256:ef103e05f519cdc783ae24ea4e2e0f508a9c99b2d4969652eed6a2e1ea5bd522"},
    {file = "packaging-21.3.tar.gz", hash = "sha256:dd47c42927d89ab911e606518907cc2d3a1f38bbd026385970643f9c5b8ecfeb"},
]

[package.dependencies]
pyparsing = ">=2.0.2,<3.0.5 || >3.0.5"

[[package]]
name = "pluggy"
version = "1.5.0"
description = "plugin and hook calling mechanisms for python"
optional = false
python-versions = ">=3.8"
groups = ["main", "dev"]
files = [
    {file = "pluggy-1.5.0-py3-none-any.whl", hash = "sha256:44e1ad92c8ca002de6377e165f3e0f1be63266ab4d554740532335b9d75ea669"},
    {file = "pluggy-1.5.0.tar.gz", hash = "sha256:2cffa88e94fdc978c4c574f15f9e59b7f4201d439195c3715ca9e2486f1d0cf1"},
]

[package.extras]
dev = ["pre-commit", "tox"]
testing = ["pytest", "pytest-benchmark"]

[[package]]
name = "pygls"
version = "1.3.1"
description = "A pythonic generic language server (pronounced like 'pie glass')"
optional = false
python-versions = ">=3.8"
groups = ["main"]
files = [
    {file = "pygls-1.3.1-py3-none-any.whl", hash = "sha256:6e00f11efc56321bdeb6eac04f6d86131f654c7d49124344a9ebb968da3dd91e"},
    {file = "pygls-1.3.1.tar.gz", hash = "sha256:140edceefa0da0e9b3c533547c892a42a7d2fd9217ae848c330c53d266a55018"},
]

[package.dependencies]
cattrs = ">=23.1.2"
lsprotocol = "2023.0.1"

[package.extras]
ws = ["websockets (>=11.0.3)"]

[[package]]
name = "pyparsing"
version = "3.0.9"
description = "pyparsing module - Classes and methods to define and execute parsing grammars"
optional = false
python-versions = ">=3.6.8"
groups = ["dev"]
files = [
    {file = "pyparsing-3.0.9-py3-none-any.whl", hash = "sha256:5026bae9a10eeaefb61dab2f09052b9f4307d44aee4eda64b309723d8d206bbc"},
    {file = "pyparsing-3.0.9.tar.gz", hash = "sha256:2b020ecf7d21b687f219b71ecad3631f644a47f01403fa1d1036b0c6416d70fb"},
]

[package.extras]
diagrams = ["jinja2", "railroad-diagrams"]

[[package]]
name = "pytest"
version = "8.3.5"
description = "pytest: simple powerful testing with Python"
optional = false
python-versions = ">=3.8"
groups = ["dev"]
files = [
    {file = "pytest-8.3.5-py3-none-any.whl", hash = "sha256:c69214aa47deac29fad6c2a4f590b9c4a9fdb16a403176fe154b79c0b4d4d820"},
    {file = "pytest-8.3.5.tar.gz", hash = "sha256:f4efe70cc14e511565ac476b57c279e12a855b11f48f212af1080ef2263d3845"},
]

[package.dependencies]
colorama = {version = "*", markers = "sys_platform == \"win32\""}
exceptiongroup = {version = ">=1.0.0rc8", markers = "python_version < \"3.11\""}
iniconfig = "*"
packaging = "*"
pluggy = ">=1.5,<2"
tomli = {version = ">=1", markers = "python_version < \"3.11\""}

[package.extras]
dev = ["argcomplete", "attrs (>=19.2)", "hypothesis (>=3.56)", "mock", "pygments (>=2.7.2)", "requests", "setuptools", "xmlschema"]

[[package]]
name = "tomli"
version = "2.0.1"
description = "A lil' TOML parser"
optional = false
python-versions = ">=3.7"
groups = ["dev"]
markers = "python_version < \"3.11\""
files = [
    {file = "tomli-2.0.1-py3-none-any.whl", hash = "sha256:939de3e7a6161af0c887ef91b7d41a53e7c5a1ca976325f429cb46ea9bc30ecc"},
    {file = "tomli-2.0.1.tar.gz", hash = "sha256:de526c12914f0c550d15924c62d72abc48d6fe7364aa87328337a31007fe8a4f"},
]

[[package]]
name = "typing-extensions"
version = "4.8.0"
description = "Backported and Experimental Type Hints for Python 3.8+"
optional = false
python-versions = ">=3.8"
groups = ["main"]
markers = "python_version < \"3.11\""
files = [
    {file = "typing_extensions-4.8.0-py3-none-any.whl", hash = "sha256:8f92fc8806f9a6b641eaa5318da32b44d401efaac0f6678c9bc448ba3605faa0"},
    {file = "typing_extensions-4.8.0.tar.gz", hash = "sha256:df8e4339e9cb77357558cbdbceca33c303714cf861d1eef15e1070055ae8b7ef"},
]

[[package]]
name = "yara-python"
version = "4.5.2"
description = "Python interface for YARA"
optional = false
python-versions = "*"
groups = ["main"]
files = [
    {file = "yara_python-4.5.2-cp310-cp310-macosx_10_9_universal2.whl", hash = "sha256:20aee068c8f14e8ebb40ebf03e7e2c14031736fbf6f32fca58ad89d211e4aaa0"},
    {file = "yara_python-4.5.2-cp310-cp310-macosx_10_9_x86_64.whl", hash = "sha256:9899c3a80e6c543585daf49c5b06ba5987e2f387994a5455d841262ea6e8577c"},
    {file = "yara_python-4.5.2-cp310-cp310-manylinux_2_17_aarch64.manylinux2014_aarch64.whl", hash = "sha256:9fc5abddf8767ca923a5a88b38b8057d4fab039323d5c6b2b5be6cba5e6e7350"},
    {file = "yara_python-4.5.2-cp310-cp310-manylinux_2_17_i686.manylinux2014_i686.whl", hash = "sha256:bc2216bc73d4918012a4b270a93f9042445c7246b4a668a1bea220fbf64c7990"},
    {file = "yara_python-4.5.2-cp310-cp310-manylinux_2_17_x86_64.manylinux2014_x86_64.whl", hash = "sha256:b5558325eb7366f610a06e8c7c4845062d6880ee88f1fbc35e92fae333c3333c"},
    {file = "yara_python-4.5.2-cp310-cp310-musllinux_1_2_aarch64.whl", hash = "sha256:f2a293e30484abb6c137d9603fe899dfe112c327bf7a75e46f24737dd43a5e44"},
    {file = "yara_python-4.5.2-cp310-cp310-musllinux_1_2_i686.whl", hash = "sha256:2ff1e140529e7ade375b3c4c2623d155c93438bd56c8e9bebce30b1d0831350d"},
    {file = "yara_python-4.5.2-cp310-cp310-musllinux_1_2_x86_64.whl", hash = "sha256:399f484847d5cb978f3dd522d3c0f20cbf36fe760d90be7aaeb5cf0e82947742"},
    {file = "yara_python-4.5.2-cp310-cp310-win32.whl", hash = "sha256:ef499e273d12b0119fc59b396a85f00d402b103c95b5a4075273cff99f4692df"},
    {file = "yara_python-4.5.2-cp310-cp310-win_amd64.whl", hash = "sha256:dd54d92c8fe33cc7cd7b8b29ac8ac5fdb6ca498c5a697af479ff31a58258f023"},
    {file = "yara_python-4.5.2-cp311-cp311-macosx_10_9_universal2.whl", hash = "sha256:727d3e590f41a89bbc6c1341840a398dee57bc816b9a17f69aed717f79abd5af"},
    {file = "yara_python-4.5.2-cp311-cp311-macosx_10_9_x86_64.whl", hash = "sha256:b5657c268275a025b7b2f2f57ea2be0b7972a104cce901c0ac3713787eea886e"},
    {file = "yara_python-4.5.2-cp311-cp311-manylinux_2_17_aarch64.manylinux2014_aarch64.whl", hash = "sha256:d4bcfa3d4bda3c0822871a35dd95acf6a0fe1ab2d7869b5ae25b0a722688053a"},
    {file = "yara_python-4.5.2-cp311-cp311-manylinux_2_17_i686.manylinux2014_i686.whl", hash = "sha256:0d6d7e04d1f5f64ccc7d60ff76ffa5a24d929aa32809f20c2164799b63f46822"},
    {file = "yara_python-4.5.2-cp311-cp311-manylinux_2_17_x86_64.manylinux2014_x86_64.whl", hash = "sha256:d487dcce1e9cf331a707e16a12c841f99071dcd3e17646fff07d8b3da6d9a05c"},
    {file = "yara_python-4.5.2-cp311-cp311-musllinux_1_2_aarch64.whl", hash = "sha256:f8ca11d6877d453f69987b18963398744695841b4e2e56c2f1763002d5d22dbd"},
    {file = "yara_python-4.5.2-cp311-cp311-musllinux_1_2_i686.whl", hash = "sha256:f1f009d99e05f5be7c3d4e349c949226bfe32e0a9c3c75ff5476e94385824c26"},
    {file = "yara_python-4.5.2-cp311-cp311-musllinux_1_2_x86_64.whl", hash = "sha256:96ead034a1aef94671ea92a82f1c2db6defa224cf21eb5139cff7e7345e55153"},
    {file = "yara_python-4.5.2-cp311-cp311-win32.whl", hash = "sha256:7b19ac28b3b55134ea12f1ee8500d7f695e735e9bead46b822abec96f9587f06"},
    {file = "yara_python-4.5.2-cp311-cp311-win_amd64.whl", hash = "sha256:a699917ea1f3f47aecacd8a10b8ee82137205b69f9f29822f839a0ffda2c41a1"},
    {file = "yara_python-4.5.2-cp312-cp312-macosx_10_13_universal2.whl", hash = "sha256:037be5f9d5dd9f067bbbeeac5d311815611ba8298272a14b03d7ad0f42b36f5a"},
    {file = "yara_python-4.5.2-cp312-cp312-macosx_10_13_x86_64.whl", hash = "sha256:77c8192f56e2bbf42b0c16cd1c368ba7083047e5b11467c8b3d6330d268e1f86"},
    {file = "yara_python-4.5.2-cp312-cp312-manylinux_2_17_aarch64.manylinux2014_aarch64.whl", hash = "sha256:0e892b2111122552f0645bc1a55f2525117470eea3b791d452de12ae0c1ec37b"},
    {file = "yara_python-4.5.2-cp312-cp312-manylinux_2_17_i686.manylinux2014_i686.whl", hash = "sha256:f16d9b23f107fd0569c676ec9340b24dd5a2a2a239a163dcdeaed6032933fb94"},
    {file = "yara_python-4.5.2-cp312-cp312-manylinux_2_17_x86_64.manylinux2014_x86_64.whl", hash = "sha256:8b98e0a77dc0f90bc53cf77cca1dc1a4e6836c7c5a283198c84d5dbb0701e722"},
    {file = "yara_python-4.5.2-cp312-cp312-musllinux_1_2_aarch64.whl", hash = "sha256:d6366d197079848d4c2534f07bc47f8a3c53d42855e6a492ed2191775e8cd294"},
    {file = "yara_python-4.5.2-cp312-cp312-musllinux_1_2_i686.whl", hash = "sha256:a2ba9fddafe573614fc8e77973f07e74a359bd1f3a6152f93b814a6f8cfc0004"},
    {file = "yara_python-4.5.2-cp312-cp312-musllinux_1_2_x86_64.whl", hash = "sha256:3338f492e9bb655381dbf7e526201c1331d8c1e3760f1b06f382d901cc10cdf0"},
    {file = "yara_python-4.5.2-cp312-cp312-win32.whl", hash = "sha256:9d066da7f963f4a68a2681cbe1d7c41cb1ef2c5668de3a756731b1a7669a3120"},
    {file = "yara_python-4.5.2-cp312-cp312-win_amd64.whl", hash = "sha256:fe5b4c9c5cb48526e8f9c67fc1fdafb9dbd9078a27d89af30de06424c8c67588"},
    {file = "yara_python-4.5.2-cp313-cp313-macosx_10_13_universal2.whl", hash = "sha256:ffc3101354188d23d00b831b0d070e2d1482a60d4e9964452004276f7c1edee8"},
    {file = "yara_python-4.5.2-cp313-cp313-macosx_10_13_x86_64.whl", hash = "sha256:0c7021e6c4e34b2b11ad82de330728134831654ca1f5c24dcf093fedc0db07ae"},
    {file = "yara_python-4.5.2-cp313-cp313-manylinux_2_17_aarch64.manylinux2014_aarch64.whl", hash = "sha256:c73009bd6e73b04ffcbc8d47dddd4df87623207cb772492c516e16605ced5dd6"},
    {file = "yara_python-4.5.2-cp313-cp313-manylinux_2_17_i686.manylinux2014_i686.whl", hash = "sha256:ef7f592db5e2330efd01b40760c3e2be5de497ff22bd6d12e63e9cf6f37b4213"},
    {file = "yara_python-4.5.2-cp313-cp313-manylinux_2_17_x86_64.manylinux2014_x86_64.whl", hash = "sha256:e5980d96ac2742e997e55ba20d2746d3a42298bbb5e7d327562a01bac70c9268"},
    {file = "yara_python-4.5.2-cp313-cp313-musllinux_1_2_aarch64.whl", hash = "sha256:e857bc94ef54d5db89e0a58652df609753d5b95f837dde101e1058dd755896b5"},
    {file = "yara_python-4.5.2-cp313-cp313-musllinux_1_2_i686.whl", hash = "sha256:98b4732a9f5b184ade78b4675501fbdc4975302dc78aa3e917c60ca4553980d5"},
    {file = "yara_python-4.5.2-cp313-cp313-musllinux_1_2_x86_64.whl", hash = "sha256:57928557c85af27d27cca21de66d2070bf1860de365fb18fc591ddfb1778b959"},
    {file = "yara_python-4.5.2-cp313-cp313-win32.whl", hash = "sha256:d7b58296ed2d262468d58f213b19df3738e48d46b8577485aecca0edf703169f"},
    {file = "yara_python-4.5.2-cp313-cp313-win_amd64.whl", hash = "sha256:2f6ccde3f30d0c3cda9a86e91f2a74073c9aeb127856d9a62ed5c4bb22ccd75f"},
    {file = "yara_python-4.5.2-cp39-cp39-macosx_10_9_universal2.whl", hash = "sha256:ba81f3bfba7cd7aa7bf97840eba7e2bb3d9f643090e47cbc03b2070e4f44568f"},
    {file = "yara_python-4.5.2-cp39-cp39-macosx_10_9_x86_64.whl", hash = "sha256:6cbb9ded3d6dd981cb1f1a7e01b12efd260548bc2f27bf29e9dbeca1ab241363"},
    {file = "yara_python-4.5.2-cp39-cp39-manylinux_2_17_aarch64.manylinux2014_aarch64.whl", hash = "sha256:1cb760bb5aaa9c37e0e43b64cccfb7ff1a5ae584392661ebd82a50b758ea2d86"},
    {file = "yara_python-4.5.2-cp39-cp39-manylinux_2_17_i686.manylinux2014_i686.whl", hash = "sha256:96b22ae1651f8fd2eb61d0d140daa71dce4346137124abead0bb15c47b1259ec"},
    {file = "yara_python-4.5.2-cp39-cp39-manylinux_2_17_x86_64.manylinux2014_x86_64.whl", hash = "sha256:7e96c6cdf2284077ae039832481046806cd2b0c42c45d160da567dd0cc5673f3"},
    {file = "yara_python-4.5.2-cp39-cp39-musllinux_1_2_aarch64.whl", hash = "sha256:475fb16f33767c8c048cf009cdf307688b4ed961cf29fc28b2a020c3469e4cba"},
    {file = "yara_python-4.5.2-cp39-cp39-musllinux_1_2_i686.whl", hash = "sha256:c195d69253681751d75c6f79c88f57ebf5cc547821bdcba89fa29466356f241b"},
    {file = "yara_python-4.5.2-cp39-cp39-musllinux_1_2_x86_64.whl", hash = "sha256:8cc49f5543398b48e6bcf20c6a93a34ebe6732b8ff1e55918c8908a4a6cfeaf8"},
    {file = "yara_python-4.5.2-cp39-cp39-win32.whl", hash = "sha256:2ccd788c8103f43c58d4072f696ee7b7e5be6c19bbce32f9f8e5d7b7def3ecd4"},
    {file = "yara_python-4.5.2-cp39-cp39-win_amd64.whl", hash = "sha256:ab8d75dc181b915ca7eb8eb1c3f66597286436820122f84ae9f07a7b98f256fc"},
    {file = "yara_python-4.5.2.tar.gz", hash = "sha256:9086a53c810c58740a5129f14d126b39b7ef61af00d91580c2efb654e2f742ce"},
]

[[package]]
name = "yaramod"
version = "4.3.1"
description = "Library for manipulation of YARA files."
optional = false
python-versions = ">=3"
groups = ["main"]
files = [
    {file = "yaramod-4.3.1-cp310-cp310-manylinux_2_17_x86_64.manylinux2014_x86_64.whl", hash = "sha256:502a24055a1e07da090efebc134ab304f5e3708ba6fdba338885002c93001bc2"},
    {file = "yaramod-4.3.1-cp310-cp310-win_amd64.whl", hash = "sha256:6346f143205c9529a04621086eb6b5918e7b2fa2815d88823a7119d6249a5fad"},
    {file = "yaramod-4.3.1-cp311-cp311-manylinux_2_17_x86_64.manylinux2014_x86_64.whl", hash = "sha256:9de63d177289458490b8a28b20ad9553cc62d216a7c4ac01c7153702b7940cc9"},
    {file = "yaramod-4.3.1-cp311-cp311-win_amd64.whl", hash = "sha256:53034a0bf558659d006743cdca7bf651b4d36809da5bc145ad7baf13c965bf41"},
    {file = "yaramod-4.3.1-cp312-cp312-manylinux_2_17_x86_64.manylinux2014_x86_64.whl", hash = "sha256:fd9bef1f43c8135f3242eccf99b17f5743465a549baa2f9ae142294b81a8d473"},
    {file = "yaramod-4.3.1-cp312-cp312-win_amd64.whl", hash = "sha256:786da4bd4715d7af50d13798d93e2c075043b81d99636defb4fda29624966f26"},
    {file = "yaramod-4.3.1-cp313-cp313-manylinux_2_17_x86_64.manylinux2014_x86_64.whl", hash = "sha256:4bc73789b2c30774deaff23e0d0415526e5c062c7c3f16b44506196bfdc48688"},
    {file = "yaramod-4.3.1-cp313-cp313-win_amd64.whl", hash = "sha256:6b59d19e163a36607310caaca06829f25ea6b479142a2ab283780b2212490dab"},
    {file = "yaramod-4.3.1-cp38-cp38-manylinux_2_17_x86_64.manylinux2014_x86_64.whl", hash = "sha256:67f3543372bdb19c23c52b54d4acfae40ebe53a798824d7c8e35a2aaa9736fd4"},
    {file = "yaramod-4.3.1-cp38-cp38-win_amd64.whl", hash = "sha256:59215f2a798180e61e9f33fa2e7a1e78758cf71fbc7eb953ad14e83d06a231a0"},
    {file = "yaramod-4.3.1-cp39-cp39-manylinux_2_17_x86_64.manylinux2014_x86_64.whl", hash = "sha256:beafe79ff68be73bc66201772407556585901f8e3f58fc40781e0304b283c86d"},
    {file = "yaramod-4.3.1-cp39-cp39-win_amd64.whl", hash = "sha256:a96b08a776c07ddf46f3d804fc10a276b50835a24978ae11c567305fa875f9f0"},
    {file = "yaramod-4.3.1.tar.gz", hash = "sha256:d2e206edac6cd3fede5f54e2772144d0a7e9d93688e7a678cf47fd9149b2b904"},
]

[[package]]
name = "yari-py"
version = "0.2.1"
description = "Python bindings for YARI."
optional = false
python-versions = ">=3.7"
groups = ["main"]
files = [
    {file = "yari_py-0.2.1-cp310-cp310-manylinux_2_17_x86_64.manylinux2014_x86_64.whl", hash = "sha256:58a62745eb0f5acc8118da6a7b6f7833dbd8c9f80528c567908b8b21d18fc92d"},
    {file = "yari_py-0.2.1-cp310-none-win_amd64.whl", hash = "sha256:2094de4192ccd4460866bcb860deb1b17c62a96bd1dded9da7c24a72dd1f5298"},
    {file = "yari_py-0.2.1-cp311-cp311-manylinux_2_17_x86_64.manylinux2014_x86_64.whl", hash = "sha256:1a772a2a0a4970aedb829eb138acf26506cf17bfb0eae48b664d1bd6422084c8"},
    {file = "yari_py-0.2.1-cp311-none-win_amd64.whl", hash = "sha256:12f13de8e1827917484ef46e545fa720c207873f7c7a71b50994830cba04480a"},
    {file = "yari_py-0.2.1-cp312-cp312-manylinux_2_17_x86_64.manylinux2014_x86_64.whl", hash = "sha256:4e48b4ecf243cf7b1c2b85cb3b9022ac802446438b2e6161f74c8ba8e9906137"},
    {file = "yari_py-0.2.1-cp312-none-win_amd64.whl", hash = "sha256:85df45ca5188528dfef8abdf2d15a479eaad9789a654e9f360a8260c73cb0775"},
    {file = "yari_py-0.2.1-cp37-cp37m-manylinux_2_17_x86_64.manylinux2014_x86_64.whl", hash = "sha256:38942ad9724ae2a5b43f95823b56a7b7b6e5aff75ed3c0e6d6eb06fab7ca1507"},
    {file = "yari_py-0.2.1-cp37-none-win_amd64.whl", hash = "sha256:6be1d0dc01033dcc8b46159eb31e03402634858982182a7960f77ecc47df237e"},
    {file = "yari_py-0.2.1-cp38-cp38-manylinux_2_17_x86_64.manylinux2014_x86_64.whl", hash = "sha256:b56b897733d035d269a8100d21f5eb036f211e2da140de4ec1a37c90d49f86ea"},
    {file = "yari_py-0.2.1-cp38-none-win_amd64.whl", hash = "sha256:a6fa250d20d0cd4979a7fe38bafaf19ea78f0d2ab9c1ab6ebacc4652e8deab15"},
    {file = "yari_py-0.2.1-cp39-cp39-manylinux_2_17_x86_64.manylinux2014_x86_64.whl", hash = "sha256:c9c903cac10924d485ef81b43d8390fb5c10763ce215b9a4a2e91b9af4114f9c"},
    {file = "yari_py-0.2.1-cp39-none-win_amd64.whl", hash = "sha256:59dd459ebecbfd49cac2167a553ec034e3ca581bd06e595d3e0311418a61937e"},
]

[[package]]
name = "yls"
version = "1.4.4"
description = "YARA Language Server"
optional = false
python-versions = "<4.0,>=3.8"
groups = ["main"]
files = [
    {file = "yls-1.4.4-py3-none-any.whl", hash = "sha256:72dc030f2cd53b7f384beda7d88a0e7acba8f31b5d6781cb2fa4b90c122e3f5a"},
    {file = "yls-1.4.4.tar.gz", hash = "sha256:da9c3a92022834f8722080c269ef6b9d50b108c1858a5651b7f6b6b29be795fb"},
]

[package.dependencies]
pluggy = ">=1.0.0,<2.0.0"
pygls = ">=1.3.1,<2.0.0"
yaramod = ">=4.3.0,<5.0.0"
yari-py = ">=0.2.1,<0.3.0"

[metadata]
lock-version = "2.1"
python-versions = "^3.8"
content-hash = "cb8dc0e5ee1c58ed9de6892b061ed582e9de7cb99cdd8c6ae467398abf461f2a"
