# This file is automatically @generated by Poetry 1.7.1 and should not be changed by hand.

[[package]]
name = "attrs"
version = "22.1.0"
description = "Classes Without Boilerplate"
optional = false
python-versions = ">=3.5"
files = [
    {file = "attrs-22.1.0-py2.py3-none-any.whl", hash = "sha256:86efa402f67bf2df34f51a335487cf46b1ec130d02b8d39fd248abfd30da551c"},
    {file = "attrs-22.1.0.tar.gz", hash = "sha256:29adc2665447e5191d0e7c568fde78b21f9672d344281d0c6e1ab085429b22b6"},
]

[package.extras]
dev = ["cloudpickle", "coverage[toml] (>=5.0.2)", "furo", "hypothesis", "mypy (>=0.900,!=0.940)", "pre-commit", "pympler", "pytest (>=4.3.0)", "pytest-mypy-plugins", "sphinx", "sphinx-notfound-page", "zope.interface"]
docs = ["furo", "sphinx", "sphinx-notfound-page", "zope.interface"]
tests = ["cloudpickle", "coverage[toml] (>=5.0.2)", "hypothesis", "mypy (>=0.900,!=0.940)", "pympler", "pytest (>=4.3.0)", "pytest-mypy-plugins", "zope.interface"]
tests-no-zope = ["cloudpickle", "coverage[toml] (>=5.0.2)", "hypothesis", "mypy (>=0.900,!=0.940)", "pympler", "pytest (>=4.3.0)", "pytest-mypy-plugins"]

[[package]]
name = "cattrs"
version = "22.2.0"
description = "Composable complex class support for attrs and dataclasses."
optional = false
python-versions = ">=3.7"
files = [
    {file = "cattrs-22.2.0-py3-none-any.whl", hash = "sha256:bc12b1f0d000b9f9bee83335887d532a1d3e99a833d1bf0882151c97d3e68c21"},
    {file = "cattrs-22.2.0.tar.gz", hash = "sha256:f0eed5642399423cf656e7b66ce92cdc5b963ecafd041d1b24d136fdde7acf6d"},
]

[package.dependencies]
attrs = ">=20"
exceptiongroup = {version = "*", markers = "python_version < \"3.11\""}

[[package]]
name = "colorama"
version = "0.4.5"
description = "Cross-platform colored terminal text."
optional = false
python-versions = ">=2.7, !=3.0.*, !=3.1.*, !=3.2.*, !=3.3.*, !=3.4.*"
files = [
    {file = "colorama-0.4.5-py2.py3-none-any.whl", hash = "sha256:854bf444933e37f5824ae7bfc1e98d5bce2ebe4160d46b5edf346a89358e99da"},
    {file = "colorama-0.4.5.tar.gz", hash = "sha256:e6c6b4334fc50988a639d9b98aa429a0b57da6e17b9a44f0451f930b6967b7a4"},
]

[[package]]
name = "exceptiongroup"
version = "1.1.0"
description = "Backport of PEP 654 (exception groups)"
optional = false
python-versions = ">=3.7"
files = [
    {file = "exceptiongroup-1.1.0-py3-none-any.whl", hash = "sha256:327cbda3da756e2de031a3107b81ab7b3770a602c4d16ca618298c526f4bec1e"},
    {file = "exceptiongroup-1.1.0.tar.gz", hash = "sha256:bcb67d800a4497e1b404c2dd44fca47d3b7a5e5433dbab67f96c1a685cdfdf23"},
]

[package.extras]
test = ["pytest (>=6)"]

[[package]]
name = "importlib-metadata"
version = "6.8.0"
description = "Read metadata from Python packages"
optional = false
python-versions = ">=3.8"
files = [
    {file = "importlib_metadata-6.8.0-py3-none-any.whl", hash = "sha256:3ebb78df84a805d7698245025b975d9d67053cd94c79245ba4b3eb694abe68bb"},
    {file = "importlib_metadata-6.8.0.tar.gz", hash = "sha256:dbace7892d8c0c4ac1ad096662232f831d4e64f4c4545bd53016a3e9d4654743"},
]

[package.dependencies]
zipp = ">=0.5"

[package.extras]
docs = ["furo", "jaraco.packaging (>=9)", "jaraco.tidelift (>=1.4)", "rst.linker (>=1.9)", "sphinx (>=3.5)", "sphinx-lint"]
perf = ["ipython"]
testing = ["flufl.flake8", "importlib-resources (>=1.3)", "packaging", "pyfakefs", "pytest (>=6)", "pytest-black (>=0.3.7)", "pytest-checkdocs (>=2.4)", "pytest-cov", "pytest-enabler (>=2.2)", "pytest-mypy (>=0.9.1)", "pytest-perf (>=0.9.2)", "pytest-ruff"]

[[package]]
name = "iniconfig"
version = "1.1.1"
description = "iniconfig: brain-dead simple config-ini parsing"
optional = false
python-versions = "*"
files = [
    {file = "iniconfig-1.1.1-py2.py3-none-any.whl", hash = "sha256:011e24c64b7f47f6ebd835bb12a743f2fbe9a26d4cecaa7f53bc4f35ee9da8b3"},
    {file = "iniconfig-1.1.1.tar.gz", hash = "sha256:bc3af051d7d14b2ee5ef9969666def0cd1a000e121eaea580d4a313df4b37f32"},
]

[[package]]
name = "lsprotocol"
version = "2023.0.0b1"
description = "Python implementation of the Language Server Protocol."
optional = false
python-versions = ">=3.7"
files = [
    {file = "lsprotocol-2023.0.0b1-py3-none-any.whl", hash = "sha256:ade2cd0fa0ede7965698cb59cd05d3adbd19178fd73e83f72ef57a032fbb9d62"},
    {file = "lsprotocol-2023.0.0b1.tar.gz", hash = "sha256:f7a2d4655cbd5639f373ddd1789807450c543341fa0a32b064ad30dbb9f510d4"},
]

[package.dependencies]
attrs = ">=21.3.0"
cattrs = "*"

[[package]]
name = "packaging"
version = "21.3"
description = "Core utilities for Python packages"
optional = false
python-versions = ">=3.6"
files = [
    {file = "packaging-21.3-py3-none-any.whl", hash = "sha256:ef103e05f519cdc783ae24ea4e2e0f508a9c99b2d4969652eed6a2e1ea5bd522"},
    {file = "packaging-21.3.tar.gz", hash = "sha256:dd47c42927d89ab911e606518907cc2d3a1f38bbd026385970643f9c5b8ecfeb"},
]

[package.dependencies]
pyparsing = ">=2.0.2,<3.0.5 || >3.0.5"

[[package]]
name = "pluggy"
version = "1.0.0"
description = "plugin and hook calling mechanisms for python"
optional = false
python-versions = ">=3.6"
files = [
    {file = "pluggy-1.0.0-py2.py3-none-any.whl", hash = "sha256:74134bbf457f031a36d68416e1509f34bd5ccc019f0bcc952c7b909d06b37bd3"},
    {file = "pluggy-1.0.0.tar.gz", hash = "sha256:4224373bacce55f955a878bf9cfa763c1e360858e330072059e10bad68531159"},
]

[package.extras]
dev = ["pre-commit", "tox"]
testing = ["pytest", "pytest-benchmark"]

[[package]]
name = "pygls"
version = "1.1.2"
description = "A pythonic generic language server (pronounced like 'pie glass')"
optional = false
python-versions = ">=3.7.9,<4"
files = [
    {file = "pygls-1.1.2-py3-none-any.whl", hash = "sha256:783d29c93679bb6756772f2de9b9f53b1a6fdf3fba66aeca23e87aa8aab20ecf"},
    {file = "pygls-1.1.2.tar.gz", hash = "sha256:93fe17c01fd03307774290e685e7fa25bc1411cd72f243ff33eef21927fd0ad5"},
]

[package.dependencies]
lsprotocol = "2023.0.0b1"
typeguard = ">=3.0.0,<5"

[package.extras]
ws = ["websockets (>=11.0.3,<12.0.0)"]

[[package]]
name = "pyparsing"
version = "3.0.9"
description = "pyparsing module - Classes and methods to define and execute parsing grammars"
optional = false
python-versions = ">=3.6.8"
files = [
    {file = "pyparsing-3.0.9-py3-none-any.whl", hash = "sha256:5026bae9a10eeaefb61dab2f09052b9f4307d44aee4eda64b309723d8d206bbc"},
    {file = "pyparsing-3.0.9.tar.gz", hash = "sha256:2b020ecf7d21b687f219b71ecad3631f644a47f01403fa1d1036b0c6416d70fb"},
]

[package.extras]
diagrams = ["jinja2", "railroad-diagrams"]

[[package]]
name = "pytest"
version = "7.3.1"
description = "pytest: simple powerful testing with Python"
optional = false
python-versions = ">=3.7"
files = [
    {file = "pytest-7.3.1-py3-none-any.whl", hash = "sha256:3799fa815351fea3a5e96ac7e503a96fa51cc9942c3753cda7651b93c1cfa362"},
    {file = "pytest-7.3.1.tar.gz", hash = "sha256:434afafd78b1d78ed0addf160ad2b77a30d35d4bdf8af234fe621919d9ed15e3"},
]

[package.dependencies]
colorama = {version = "*", markers = "sys_platform == \"win32\""}
exceptiongroup = {version = ">=1.0.0rc8", markers = "python_version < \"3.11\""}
iniconfig = "*"
packaging = "*"
pluggy = ">=0.12,<2.0"
tomli = {version = ">=1.0.0", markers = "python_version < \"3.11\""}

[package.extras]
testing = ["argcomplete", "attrs (>=19.2.0)", "hypothesis (>=3.56)", "mock", "nose", "pygments (>=2.7.2)", "requests", "xmlschema"]

[[package]]
name = "tomli"
version = "2.0.1"
description = "A lil' TOML parser"
optional = false
python-versions = ">=3.7"
files = [
    {file = "tomli-2.0.1-py3-none-any.whl", hash = "sha256:939de3e7a6161af0c887ef91b7d41a53e7c5a1ca976325f429cb46ea9bc30ecc"},
    {file = "tomli-2.0.1.tar.gz", hash = "sha256:de526c12914f0c550d15924c62d72abc48d6fe7364aa87328337a31007fe8a4f"},
]

[[package]]
name = "typeguard"
version = "4.1.5"
description = "Run-time type checker for Python"
optional = false
python-versions = ">=3.8"
files = [
    {file = "typeguard-4.1.5-py3-none-any.whl", hash = "sha256:8923e55f8873caec136c892c3bed1f676eae7be57cdb94819281b3d3bc9c0953"},
    {file = "typeguard-4.1.5.tar.gz", hash = "sha256:ea0a113bbc111bcffc90789ebb215625c963411f7096a7e9062d4e4630c155fd"},
]

[package.dependencies]
importlib-metadata = {version = ">=3.6", markers = "python_version < \"3.10\""}
typing-extensions = {version = ">=4.7.0", markers = "python_version < \"3.12\""}

[package.extras]
doc = ["Sphinx (>=7)", "packaging", "sphinx-autodoc-typehints (>=1.2.0)"]
test = ["coverage[toml] (>=7)", "mypy (>=1.2.0)", "pytest (>=7)"]

[[package]]
name = "typing-extensions"
version = "4.8.0"
description = "Backported and Experimental Type Hints for Python 3.8+"
optional = false
python-versions = ">=3.8"
files = [
    {file = "typing_extensions-4.8.0-py3-none-any.whl", hash = "sha256:8f92fc8806f9a6b641eaa5318da32b44d401efaac0f6678c9bc448ba3605faa0"},
    {file = "typing_extensions-4.8.0.tar.gz", hash = "sha256:df8e4339e9cb77357558cbdbceca33c303714cf861d1eef15e1070055ae8b7ef"},
]

[[package]]
name = "yara-python"
version = "4.4.0"
description = "Python interface for YARA"
optional = false
python-versions = "*"
files = [
    {file = "yara_python-4.4.0-cp310-cp310-macosx_10_9_universal2.whl", hash = "sha256:73f07be5c1a228bb5f8fe159eb1ac8173178751c1242a82e2c7838f69d972885"},
    {file = "yara_python-4.4.0-cp310-cp310-macosx_10_9_x86_64.whl", hash = "sha256:cf0389e854969d99d600ac212bc491fde1486365606543da97457903538c6bcc"},
    {file = "yara_python-4.4.0-cp310-cp310-manylinux_2_17_aarch64.manylinux2014_aarch64.whl", hash = "sha256:8b533d690d59ff820566229ece6abe637cd91b2e7bdca152f00483a3e41d1d45"},
    {file = "yara_python-4.4.0-cp310-cp310-manylinux_2_17_i686.manylinux2014_i686.whl", hash = "sha256:f146e6176962b4f685b3782149e8280c2c519ef3763d038551a035aae7d359cf"},
    {file = "yara_python-4.4.0-cp310-cp310-manylinux_2_17_x86_64.manylinux2014_x86_64.whl", hash = "sha256:7606d35ca77e15e1d1abec1a8b80f88dcc533c14ac3d38415e4d9164818884ed"},
    {file = "yara_python-4.4.0-cp310-cp310-musllinux_1_1_aarch64.whl", hash = "sha256:e5517a0761846f0926b3fa0b89c910251a6f1015c434dc1ec4aaea32c5997a0f"},
    {file = "yara_python-4.4.0-cp310-cp310-musllinux_1_1_i686.whl", hash = "sha256:aa94627d038fc187b1d3f32056e7bef379530087ff9a6551825172c687ba5852"},
    {file = "yara_python-4.4.0-cp310-cp310-musllinux_1_1_x86_64.whl", hash = "sha256:a8644249ecb0748babbd376d2d67fbf3bbc1c014f60dbbb4405d3e3c0b428e77"},
    {file = "yara_python-4.4.0-cp310-cp310-win32.whl", hash = "sha256:eb4dce420e82d25cbfbcbe1341bc82a622bacda775575951b011da1f32f622a0"},
    {file = "yara_python-4.4.0-cp310-cp310-win_amd64.whl", hash = "sha256:3a282045d93adab081eea987a1e7db8b436f74c659e9e2f32c9230efded99c40"},
    {file = "yara_python-4.4.0-cp311-cp311-macosx_10_9_universal2.whl", hash = "sha256:a30dee2966c667836446a90e94cd4b2e4dca1e731459730beff09b91b2f1eb36"},
    {file = "yara_python-4.4.0-cp311-cp311-macosx_10_9_x86_64.whl", hash = "sha256:91cabd9b1b5916be10b2ec60648be3badd63a833f9d2c0027d309bf42f5914e1"},
    {file = "yara_python-4.4.0-cp311-cp311-manylinux_2_17_aarch64.manylinux2014_aarch64.whl", hash = "sha256:daa6cd748b2953845cb13caaa40d5bb38c1e93cc31e77081ad813210f1321680"},
    {file = "yara_python-4.4.0-cp311-cp311-manylinux_2_17_i686.manylinux2014_i686.whl", hash = "sha256:1b653fc29f2ff4efdd2b07ba4d66b2bbf36ff1008562cc731fce1c409ac2fd21"},
    {file = "yara_python-4.4.0-cp311-cp311-manylinux_2_17_x86_64.manylinux2014_x86_64.whl", hash = "sha256:e09a190b4fb13c897cd1aabafeadfea973de64cca4c9c39efbd3516d6236a636"},
    {file = "yara_python-4.4.0-cp311-cp311-musllinux_1_1_aarch64.whl", hash = "sha256:18e13265ae395294adfa897468d811f2eb6769a63fd990190c9390327934d7a3"},
    {file = "yara_python-4.4.0-cp311-cp311-musllinux_1_1_i686.whl", hash = "sha256:faf3ed6b26403e8fd2459edaa8a204ecd5571a966bc25d3e5950c878cc8b0890"},
    {file = "yara_python-4.4.0-cp311-cp311-musllinux_1_1_x86_64.whl", hash = "sha256:b5cc0399d628f6c0dcf366cae236475249ab518a3e3a2d6fad72720dd1bcb126"},
    {file = "yara_python-4.4.0-cp311-cp311-win32.whl", hash = "sha256:38ee14945dd05dae369f6b57cac8f5ae369152448c434070dedb35c08791ec17"},
    {file = "yara_python-4.4.0-cp311-cp311-win_amd64.whl", hash = "sha256:c5a49f97ab903aef481f8619cc218d7e108e5ed9978db469a1833cdce0c90680"},
    {file = "yara_python-4.4.0-cp312-cp312-macosx_10_9_universal2.whl", hash = "sha256:423567039d4d4ca546cef4023de8c0caee4a5b651cd6b7a6df8f97b9ad361b51"},
    {file = "yara_python-4.4.0-cp312-cp312-macosx_10_9_x86_64.whl", hash = "sha256:8bd37d0d12d4b945738720fe717b7ab2c1da866c7c23125f725dd5d5ce769d6a"},
    {file = "yara_python-4.4.0-cp312-cp312-manylinux_2_17_aarch64.manylinux2014_aarch64.whl", hash = "sha256:19f24e2cdb6d234da4b32c7e11fe9002b9a38c9fb6d9644b11d87d45a06a88ef"},
    {file = "yara_python-4.4.0-cp312-cp312-manylinux_2_17_i686.manylinux2014_i686.whl", hash = "sha256:3d3d1c4a75d9a47ca977a3697a580b328ffe27d3a6bd4f9055e5d208f207a7c4"},
    {file = "yara_python-4.4.0-cp312-cp312-manylinux_2_17_x86_64.manylinux2014_x86_64.whl", hash = "sha256:f4fb7177390214d13ae0a12a793403a1fd70ba6104ef3a0e89abe2e6b7aa4e23"},
    {file = "yara_python-4.4.0-cp312-cp312-musllinux_1_1_aarch64.whl", hash = "sha256:db50f145d4380390b5ff8c919898350cf4d2364a8c51e02fffc61c9b424ce925"},
    {file = "yara_python-4.4.0-cp312-cp312-musllinux_1_1_i686.whl", hash = "sha256:96d77ef700ee838ecb8f3798201ef4464cc03d916979c428f46a11c499187127"},
    {file = "yara_python-4.4.0-cp312-cp312-musllinux_1_1_x86_64.whl", hash = "sha256:8d5aaef788e478526a799e05a0b5bf3acbedafaae2919269faa905b8db3b9ba9"},
    {file = "yara_python-4.4.0-cp312-cp312-win32.whl", hash = "sha256:d5459e86301b0251ca9b521280ce516a96a1e900cbd585a3c725447593ece8bf"},
    {file = "yara_python-4.4.0-cp312-cp312-win_amd64.whl", hash = "sha256:672ff133a44cf25b324eddd55acd827f85c10fdb33ad24d5efb06082fd7aeb65"},
    {file = "yara_python-4.4.0-cp37-cp37m-macosx_10_9_x86_64.whl", hash = "sha256:45ea69a574c06e08ae8c71f7dcc4b4de9ac038bc910dc71d8a70db86356c3c79"},
    {file = "yara_python-4.4.0-cp37-cp37m-manylinux_2_17_aarch64.manylinux2014_aarch64.whl", hash = "sha256:68dc4cb90085167429d688ce432177945dae256f0100c2fbd057c552a6416752"},
    {file = "yara_python-4.4.0-cp37-cp37m-manylinux_2_17_i686.manylinux2014_i686.whl", hash = "sha256:1cf245beac1f1634bd62004689f636f6085d9381a9ee4d4bc941007157ade97a"},
    {file = "yara_python-4.4.0-cp37-cp37m-manylinux_2_17_x86_64.manylinux2014_x86_64.whl", hash = "sha256:f96b8bd933fe9d2dd15acbede0547d9501f5f654f4e2e0ef69a85651c14f3ea1"},
    {file = "yara_python-4.4.0-cp37-cp37m-musllinux_1_1_aarch64.whl", hash = "sha256:dc8a0c845a921ef85672d2571d6c58e3f7c038ed9ea7fc1cf588e68247eea27a"},
    {file = "yara_python-4.4.0-cp37-cp37m-musllinux_1_1_i686.whl", hash = "sha256:ccabc5707b4171b50d6b15213886458bccde2c8fa9925a8d5082ea3ad2ecd181"},
    {file = "yara_python-4.4.0-cp37-cp37m-musllinux_1_1_x86_64.whl", hash = "sha256:08ffd8ba267ca92cc15078fb3f2bb87866068994f9922e39dd0e902651fa6a66"},
    {file = "yara_python-4.4.0-cp37-cp37m-win32.whl", hash = "sha256:aeaa22d17e57850035aeff6dfebf5ed4c78790eb2652ce8abbb1fb3018dae8a8"},
    {file = "yara_python-4.4.0-cp37-cp37m-win_amd64.whl", hash = "sha256:d143ccd628e069ccdbba63c3d109a8bc8efe9c278833224bbced9be9dfdbe43c"},
    {file = "yara_python-4.4.0-cp38-cp38-macosx_10_9_universal2.whl", hash = "sha256:2f261a6a4244c78e43b876284b601b0e3bdd03cb95825aa9e65213f0abde0979"},
    {file = "yara_python-4.4.0-cp38-cp38-macosx_10_9_x86_64.whl", hash = "sha256:6c4d23e26df273c3aed4e2b5bdb82943d83e3397345978df460a927a303555bb"},
    {file = "yara_python-4.4.0-cp38-cp38-manylinux_2_17_aarch64.manylinux2014_aarch64.whl", hash = "sha256:dc413e336ca485b8c4e95c71e413e615e23d86b7563aa5d398b1b56f4818fcff"},
    {file = "yara_python-4.4.0-cp38-cp38-manylinux_2_17_i686.manylinux2014_i686.whl", hash = "sha256:a282727c6e7dec56cbba88b9e944945be18b8e5524610e666b008946a72f54b6"},
    {file = "yara_python-4.4.0-cp38-cp38-manylinux_2_17_x86_64.manylinux2014_x86_64.whl", hash = "sha256:e06a50ba4d81d2669c6466004b569f03068cffc1dc0da3e4aac0ac79ba91f7cf"},
    {file = "yara_python-4.4.0-cp38-cp38-musllinux_1_1_aarch64.whl", hash = "sha256:0206caae4cc386dd3fcae20a3aa017e8128b45fe2a556bee4831386f023fdfaf"},
    {file = "yara_python-4.4.0-cp38-cp38-musllinux_1_1_i686.whl", hash = "sha256:77b0d25eca8395a48f33c0bae1e33e70761231e1f1ba0298471378ee3bbc4419"},
    {file = "yara_python-4.4.0-cp38-cp38-musllinux_1_1_x86_64.whl", hash = "sha256:8b603a0f204119a019645697fb001390d5e1c592293e8bdcc6d57bb397ff1942"},
    {file = "yara_python-4.4.0-cp38-cp38-win32.whl", hash = "sha256:138b0fb4eeb96fea9e8120f927fb3870c050d804c1a38a2ed46b8507e87a66e3"},
    {file = "yara_python-4.4.0-cp38-cp38-win_amd64.whl", hash = "sha256:17072e6fe8eb65b277d0973db52e6d1400600cb97a8f439b6b966a8e678714c9"},
    {file = "yara_python-4.4.0-cp39-cp39-macosx_10_9_universal2.whl", hash = "sha256:0f25f62641f7f71a9f6e63dda9c02928b84388db2db71d45153b1f3297b0783a"},
    {file = "yara_python-4.4.0-cp39-cp39-macosx_10_9_x86_64.whl", hash = "sha256:a44cb4434d8fb3145a364cfdcef1d1a0919e47e71d74d193393e926815222ead"},
    {file = "yara_python-4.4.0-cp39-cp39-manylinux_2_17_aarch64.manylinux2014_aarch64.whl", hash = "sha256:2018c4e16c360474c4cd482eafac85c7492f7e0f9dc5943dd344d55a5fb6c610"},
    {file = "yara_python-4.4.0-cp39-cp39-manylinux_2_17_i686.manylinux2014_i686.whl", hash = "sha256:263e7b268631a6c774206aebd0300526932d204d30b3a904080dfa1fbdaae981"},
    {file = "yara_python-4.4.0-cp39-cp39-manylinux_2_17_x86_64.manylinux2014_x86_64.whl", hash = "sha256:c6fa0a9a06b526ba7400087f29e46ebcf1f268e5c203faa7c9a230da02a862dd"},
    {file = "yara_python-4.4.0-cp39-cp39-musllinux_1_1_aarch64.whl", hash = "sha256:f0bfe76aa90b644673a36c9fec3719d350222dc57a8b6a12b4bb4bc0d16dfd0b"},
    {file = "yara_python-4.4.0-cp39-cp39-musllinux_1_1_i686.whl", hash = "sha256:ef175169d1ece839fe2707003893259724c684a7e252caf8e97def3d560d2cc9"},
    {file = "yara_python-4.4.0-cp39-cp39-musllinux_1_1_x86_64.whl", hash = "sha256:3d2ca43b310674dad12fb9535bf848c6e0554d7ec00a45aefefcc68f3985635b"},
    {file = "yara_python-4.4.0-cp39-cp39-win32.whl", hash = "sha256:0893dce80d67f0eff0dae23bb01000f7e91e40066f14d821753f4ff27060ac0c"},
    {file = "yara_python-4.4.0-cp39-cp39-win_amd64.whl", hash = "sha256:ed0e460d12c5a93ae22d2649e1d813cd09624ce471fab839a4bf9eb0b122972e"},
    {file = "yara_python-4.4.0-pp310-pypy310_pp73-macosx_10_9_x86_64.whl", hash = "sha256:8f097e04c1f4e356035d0f93eec573ef9cf1020fad2618a6ec192bd1c5cf96fe"},
    {file = "yara_python-4.4.0-pp310-pypy310_pp73-manylinux_2_17_aarch64.manylinux2014_aarch64.whl", hash = "sha256:67dad1a9d7d33f391c4106c9b6ffc7dd742bf6e9afe0e46c1c101bcebd95e6b8"},
    {file = "yara_python-4.4.0-pp310-pypy310_pp73-manylinux_2_17_i686.manylinux2014_i686.whl", hash = "sha256:de0bb74e327e9da11e02db844fb3b12fee2988d384e074c7d808c592acba6af5"},
    {file = "yara_python-4.4.0-pp310-pypy310_pp73-manylinux_2_17_x86_64.manylinux2014_x86_64.whl", hash = "sha256:fd55d858640e86af2911d6700ee65fb4175f0fad5d74e0b51c7f551e007a9378"},
    {file = "yara_python-4.4.0-pp310-pypy310_pp73-win_amd64.whl", hash = "sha256:4afd0744d6205acaa8d2f5ec68ab99d4019aa1f85cf0ef33e398ca5cd7a05bbb"},
    {file = "yara_python-4.4.0-pp37-pypy37_pp73-macosx_10_9_x86_64.whl", hash = "sha256:8c04c835acb95da27883c3b48e9f7f09a7da55a84af2128f470495cb213e3f04"},
    {file = "yara_python-4.4.0-pp37-pypy37_pp73-manylinux_2_17_aarch64.manylinux2014_aarch64.whl", hash = "sha256:66fedfd44c6b086d3a5b13857bb7c188f78c2cdc401187197ca71023dec1902e"},
    {file = "yara_python-4.4.0-pp37-pypy37_pp73-manylinux_2_17_i686.manylinux2014_i686.whl", hash = "sha256:546f985a658ff3ac75f12cc9907b5e78b4d29d779a5a27090e4270c04d2fcc9b"},
    {file = "yara_python-4.4.0-pp37-pypy37_pp73-manylinux_2_17_x86_64.manylinux2014_x86_64.whl", hash = "sha256:16f50a9b5c2daea95a4ed37974def861bfb5871920adb89b27ff22d55aa4fb15"},
    {file = "yara_python-4.4.0-pp37-pypy37_pp73-win_amd64.whl", hash = "sha256:8e006353cdb00553956f6bbee470fea165e01e55f627b759c6bcc4ec587491e1"},
    {file = "yara_python-4.4.0-pp38-pypy38_pp73-macosx_10_9_x86_64.whl", hash = "sha256:aac64b21b290dfa00b7778f2169d843c78c68b89ad0d56f9ffa37a1559fcf31d"},
    {file = "yara_python-4.4.0-pp38-pypy38_pp73-manylinux_2_17_aarch64.manylinux2014_aarch64.whl", hash = "sha256:2a5f5cba32bc847747148ab8b1eff602c19559ac8008d5b79e9f5cfabda5d20a"},
    {file = "yara_python-4.4.0-pp38-pypy38_pp73-manylinux_2_17_i686.manylinux2014_i686.whl", hash = "sha256:e750651ddc3985022a1892e5d243e92a31258b47d88eedd410956e4e59984751"},
    {file = "yara_python-4.4.0-pp38-pypy38_pp73-manylinux_2_17_x86_64.manylinux2014_x86_64.whl", hash = "sha256:e408cbb24c5dfde5c03baa6114fd525c0a1bd37931cb2263c50a76785c90590d"},
    {file = "yara_python-4.4.0-pp38-pypy38_pp73-win_amd64.whl", hash = "sha256:1dd6cf61ec5e1ff637210ccfe096dad2c5eeafc2f275d4abe07eb1e99776f92f"},
    {file = "yara_python-4.4.0-pp39-pypy39_pp73-macosx_10_9_x86_64.whl", hash = "sha256:03e4de3832d0fabefc1fdb98ffb6d2df9b138c240f78ea42ea9ac19af4523a8d"},
    {file = "yara_python-4.4.0-pp39-pypy39_pp73-manylinux_2_17_aarch64.manylinux2014_aarch64.whl", hash = "sha256:6f54893a8968de7c905e9ebebca07c504eec47b4fbc13fada2c7bab77ea3e70e"},
    {file = "yara_python-4.4.0-pp39-pypy39_pp73-manylinux_2_17_i686.manylinux2014_i686.whl", hash = "sha256:a1a7158bc2aad1dc2f852834dc1bc55e3071375c8e55d4c7ae42479a2113534d"},
    {file = "yara_python-4.4.0-pp39-pypy39_pp73-manylinux_2_17_x86_64.manylinux2014_x86_64.whl", hash = "sha256:206b36032bb9218e3ded6e197f5f718d3a116a9530d0e2ec05f912a7a4cba4d8"},
    {file = "yara_python-4.4.0-pp39-pypy39_pp73-win_amd64.whl", hash = "sha256:b1d70b61fea95a84a75080b2ae705e0fa5d0e96a66e4bbc34241843724f100f0"},
]

[[package]]
name = "yaramod"
version = "3.21.0"
description = "Library for manipulation of YARA files."
optional = false
python-versions = ">=3"
files = [
    {file = "yaramod-3.21.0-cp310-cp310-manylinux_2_17_x86_64.manylinux2014_x86_64.whl", hash = "sha256:856ae036d2138ec0f15ccbd904dffc511b04f908ef37b2eb8ca9f4a6dd1c91f1"},
    {file = "yaramod-3.21.0-cp310-cp310-win_amd64.whl", hash = "sha256:dfd66a425eadb6776c3634bf637d17d0272e418262c5cca91565795bf5c26eb5"},
    {file = "yaramod-3.21.0-cp311-cp311-manylinux_2_17_x86_64.manylinux2014_x86_64.whl", hash = "sha256:be610ed4d6a4fdee1df0ecef4643eae6af0bf17b543889402198796cf17ae5e9"},
    {file = "yaramod-3.21.0-cp311-cp311-win_amd64.whl", hash = "sha256:78563b65bd654159e2381c09c72004b6141927c3daf155030e42ef9a1c45b6c5"},
    {file = "yaramod-3.21.0-cp312-cp312-manylinux_2_17_x86_64.manylinux2014_x86_64.whl", hash = "sha256:fddb53a72b06ca0c7467d2dacf4c0d5411cc50c4e363612176a2b74bb85cc7d7"},
    {file = "yaramod-3.21.0-cp312-cp312-win_amd64.whl", hash = "sha256:d27bd54056836a332f049e89fba01a61991b36a94324f2b2812662f32cda977e"},
    {file = "yaramod-3.21.0-cp38-cp38-manylinux_2_17_x86_64.manylinux2014_x86_64.whl", hash = "sha256:3fd2b010329d8b7d23ef4cf8abecbadc7b635dd2a531f44632135ef16526b2df"},
    {file = "yaramod-3.21.0-cp38-cp38-win_amd64.whl", hash = "sha256:c0b910ca5b3ad562caae497929055d7600665e8e6c815cd131e33024afcd806a"},
    {file = "yaramod-3.21.0-cp39-cp39-manylinux_2_17_x86_64.manylinux2014_x86_64.whl", hash = "sha256:c0ed707072a0002c545761c58d2648c440bf45693c6f9ec971ca7a1ea88a562b"},
    {file = "yaramod-3.21.0-cp39-cp39-win_amd64.whl", hash = "sha256:7a8bea9a61cb9c2c94a8104db8d6881bb2b75801d6ad39b2dc862d9e890ffadc"},
    {file = "yaramod-3.21.0.tar.gz", hash = "sha256:10e298048501bb342a3fae019a9ffda1ad23d6a82ead5ea90186e4af28f8965a"},
]

[[package]]
name = "yari-py"
version = "0.2.1"
description = "Python bindings for YARI."
optional = false
python-versions = ">=3.7"
files = [
    {file = "yari_py-0.2.1-cp310-cp310-manylinux_2_17_x86_64.manylinux2014_x86_64.whl", hash = "sha256:58a62745eb0f5acc8118da6a7b6f7833dbd8c9f80528c567908b8b21d18fc92d"},
    {file = "yari_py-0.2.1-cp310-none-win_amd64.whl", hash = "sha256:2094de4192ccd4460866bcb860deb1b17c62a96bd1dded9da7c24a72dd1f5298"},
    {file = "yari_py-0.2.1-cp311-cp311-manylinux_2_17_x86_64.manylinux2014_x86_64.whl", hash = "sha256:1a772a2a0a4970aedb829eb138acf26506cf17bfb0eae48b664d1bd6422084c8"},
    {file = "yari_py-0.2.1-cp311-none-win_amd64.whl", hash = "sha256:12f13de8e1827917484ef46e545fa720c207873f7c7a71b50994830cba04480a"},
    {file = "yari_py-0.2.1-cp312-cp312-manylinux_2_17_x86_64.manylinux2014_x86_64.whl", hash = "sha256:4e48b4ecf243cf7b1c2b85cb3b9022ac802446438b2e6161f74c8ba8e9906137"},
    {file = "yari_py-0.2.1-cp312-none-win_amd64.whl", hash = "sha256:85df45ca5188528dfef8abdf2d15a479eaad9789a654e9f360a8260c73cb0775"},
    {file = "yari_py-0.2.1-cp37-cp37m-manylinux_2_17_x86_64.manylinux2014_x86_64.whl", hash = "sha256:38942ad9724ae2a5b43f95823b56a7b7b6e5aff75ed3c0e6d6eb06fab7ca1507"},
    {file = "yari_py-0.2.1-cp37-none-win_amd64.whl", hash = "sha256:6be1d0dc01033dcc8b46159eb31e03402634858982182a7960f77ecc47df237e"},
    {file = "yari_py-0.2.1-cp38-cp38-manylinux_2_17_x86_64.manylinux2014_x86_64.whl", hash = "sha256:b56b897733d035d269a8100d21f5eb036f211e2da140de4ec1a37c90d49f86ea"},
    {file = "yari_py-0.2.1-cp38-none-win_amd64.whl", hash = "sha256:a6fa250d20d0cd4979a7fe38bafaf19ea78f0d2ab9c1ab6ebacc4652e8deab15"},
    {file = "yari_py-0.2.1-cp39-cp39-manylinux_2_17_x86_64.manylinux2014_x86_64.whl", hash = "sha256:c9c903cac10924d485ef81b43d8390fb5c10763ce215b9a4a2e91b9af4114f9c"},
    {file = "yari_py-0.2.1-cp39-none-win_amd64.whl", hash = "sha256:59dd459ebecbfd49cac2167a553ec034e3ca581bd06e595d3e0311418a61937e"},
]

[[package]]
name = "yls"
version = "1.4.1"
description = "YARA Language Server"
optional = false
python-versions = ">=3.8,<4.0"
files = [
    {file = "yls-1.4.1-py3-none-any.whl", hash = "sha256:46c7faace47b99f831d085318c24d805983d051221ac1c0e8d314e0736aa4ca5"},
    {file = "yls-1.4.1.tar.gz", hash = "sha256:b61c1066edd179e2b6edf45bf34f102f31d959ec4fb2039d14e11847500519d4"},
]

[package.dependencies]
pluggy = ">=1.0.0,<2.0.0"
pygls = ">=1.1.2,<2.0.0"
yaramod = ">=3.21.0,<4.0.0"
yari-py = ">=0.2.1,<0.3.0"

[[package]]
name = "zipp"
version = "3.17.0"
description = "Backport of pathlib-compatible object wrapper for zip files"
optional = false
python-versions = ">=3.8"
files = [
    {file = "zipp-3.17.0-py3-none-any.whl", hash = "sha256:0e923e726174922dce09c53c59ad483ff7bbb8e572e00c7f7c46b88556409f31"},
    {file = "zipp-3.17.0.tar.gz", hash = "sha256:84e64a1c28cf7e91ed2078bb8cc8c259cb19b76942096c8d7b84947690cabaf0"},
]

[package.extras]
docs = ["furo", "jaraco.packaging (>=9.3)", "jaraco.tidelift (>=1.4)", "rst.linker (>=1.9)", "sphinx (<7.2.5)", "sphinx (>=3.5)", "sphinx-lint"]
testing = ["big-O", "jaraco.functools", "jaraco.itertools", "more-itertools", "pytest (>=6)", "pytest-black (>=0.3.7)", "pytest-checkdocs (>=2.4)", "pytest-cov", "pytest-enabler (>=2.2)", "pytest-ignore-flaky", "pytest-mypy (>=0.9.1)", "pytest-ruff"]

[metadata]
lock-version = "2.0"
python-versions = "^3.8"
content-hash = "3894f5734c212043abe0dba96a4d53d652deae81a92cf41daee4fec2d73047d0"
